GEM
  remote: https://rubygems.org/
  specs:
    amazing_print (2.0.0)
    chunky_png (1.4.0)
    hashie (5.1.0)
      logger
    logger (1.7.0)
    mittsu (0.5.0)
      chunky_png
    observer (0.1.2)
    pkg-config (1.6.5)
    rmagick (6.2.0)
      observer (~> 0.1)
      pkg-config (~> 1.4)
    thor (1.5.0)

PLATFORMS
  x64-mingw-ucrt

DEPENDENCIES
  amazing_print
  hashie
  mittsu
  rmagick (~> 6.2.0)
  thor

BUNDLED WITH
   2.6.2
