<?xml version="1.0" encoding="utf-8"?>
<Project ToolsVersion="4.0" xmlns="http://schemas.microsoft.com/developer/msbuild/2003">
  <ItemGroup>
    <Filter Include="Source Files">
      <UniqueIdentifier>{4FC737F1-C7A5-4376-A066-2A32D752A2FF}</UniqueIdentifier>
      <Extensions>cpp;c;cc;cxx;c++;cppm;ixx;def;odl;idl;hpj;bat;asm;asmx</Extensions>
    </Filter>
    <Filter Include="Header Files">
      <UniqueIdentifier>{93995380-89BD-4b04-88EB-625FBE52EBFB}</UniqueIdentifier>
      <Extensions>h;hh;hpp;hxx;h++;hm;inl;inc;ipp;xsd</Extensions>
    </Filter>
    <Filter Include="Resource Files">
      <UniqueIdentifier>{67DA6AB6-F800-4c08-8B7A-83BB121AAD01}</UniqueIdentifier>
      <Extensions>rc;ico;cur;bmp;dlg;rc2;rct;bin;rgs;gif;jpg;jpeg;jpe;resx;tiff;tif;png;wav;mfcribbon-ms</Extensions>
    </Filter>
  </ItemGroup>
  <ItemGroup>
    <ClCompile Include="src\engine\Engine.cpp">
      <Filter>Source Files</Filter>
    </ClCompile>
    <ClCompile Include="src\sample_app\main.cpp">
      <Filter>Source Files</Filter>
    </ClCompile>
    <ClCompile Include="src\sample_app\SampleApp.cpp">
      <Filter>Source Files</Filter>
    </ClCompile>
    <ClCompile Include="src\sample_app\TestSceneSetup.cpp">
      <Filter>Source Files</Filter>
    </ClCompile>
    <ClCompile Include="vendor\stb_image\src\stb_image.cpp">
      <Filter>Source Files</Filter>
    </ClCompile>
    <ClCompile Include="src\editor\EditorFrame.cpp">
      <Filter>Source Files</Filter>
    </ClCompile>
    <ClCompile Include="src\renderer\LayerRenderer.cpp">
      <Filter>Source Files</Filter>
    </ClCompile>
    <ClCompile Include="src\renderer\NormalRenderer.cpp">
      <Filter>Source Files</Filter>
    </ClCompile>
    <ClCompile Include="src\renderer\ShadowMapRenderer.cpp">
      <Filter>Source Files</Filter>
    </ClCompile>
    <ClCompile Include="src\scene\SkyboxMaterial.cpp">
      <Filter>Source Files</Filter>
    </ClCompile>
    <ClCompile Include="src\model\Node.cpp">
      <Filter>Source Files</Filter>
    </ClCompile>
    <ClCompile Include="src\particle\Particle.cpp">
      <Filter>Source Files</Filter>
    </ClCompile>
    <ClCompile Include="src\generator\AsteroidBeltGenerator.cpp">
      <Filter>Source Files</Filter>
    </ClCompile>
    <ClCompile Include="src\controller\CameraZoomController.cpp">
      <Filter>Source Files</Filter>
    </ClCompile>
    <ClCompile Include="src\component\Light.cpp">
      <Filter>Source Files</Filter>
    </ClCompile>
    <ClCompile Include="src\render\Camera.cpp">
      <Filter>Source Files</Filter>
    </ClCompile>
    <ClCompile Include="src\asset\Assets.cpp">
      <Filter>Source Files</Filter>
    </ClCompile>
    <ClCompile Include="src\material\Image.cpp">
      <Filter>Source Files</Filter>
    </ClCompile>
    <ClCompile Include="src\material\Material.cpp">
      <Filter>Source Files</Filter>
    </ClCompile>
    <ClCompile Include="src\controller\NodeController.cpp">
      <Filter>Source Files</Filter>
    </ClCompile>
    <ClCompile Include="src\renderer\ViewportRenderer.cpp">
      <Filter>Source Files</Filter>
    </ClCompile>
    <ClCompile Include="src\gui\Input.cpp">
      <Filter>Source Files</Filter>
    </ClCompile>
    <ClCompile Include="src\gui\Window.cpp">
      <Filter>Source Files</Filter>
    </ClCompile>
    <ClCompile Include="src\material\Texture.cpp">
      <Filter>Source Files</Filter>
    </ClCompile>
    <ClCompile Include="src\render\Batch.cpp">
      <Filter>Source Files</Filter>
    </ClCompile>
    <ClCompile Include="src\render\CubeMap.cpp">
      <Filter>Source Files</Filter>
    </ClCompile>
    <ClCompile Include="src\render\FrameBuffer.cpp">
      <Filter>Source Files</Filter>
    </ClCompile>
    <ClCompile Include="src\scene\Scene.cpp">
      <Filter>Source Files</Filter>
    </ClCompile>
    <ClCompile Include="src\engine\AsyncLoader.cpp">
      <Filter>Source Files</Filter>
    </ClCompile>
    <ClCompile Include="src\renderer\Renderer.cpp">
      <Filter>Source Files</Filter>
    </ClCompile>
    <ClCompile Include="src\render\RenderContext.cpp">
      <Filter>Source Files</Filter>
    </ClCompile>
    <ClCompile Include="src\shader\Program.cpp">
      <Filter>Source Files</Filter>
    </ClCompile>
    <ClCompile Include="src\util\Perlin.cpp">
      <Filter>Source Files</Filter>
    </ClCompile>
    <ClCompile Include="src\model\Viewport.cpp">
      <Filter>Source Files</Filter>
    </ClCompile>
    <ClCompile Include="src\gui\Frame.cpp">
      <Filter>Source Files</Filter>
    </ClCompile>
    <ClCompile Include="src\gui\FrameInit.cpp">
      <Filter>Source Files</Filter>
    </ClCompile>
    <ClCompile Include="src\material\PlainTexture.cpp">
      <Filter>Source Files</Filter>
    </ClCompile>
    <ClCompile Include="src\material\ImageTexture.cpp">
      <Filter>Source Files</Filter>
    </ClCompile>
    <ClCompile Include="src\renderer\ParticleRenderer.cpp">
      <Filter>Source Files</Filter>
    </ClCompile>
    <ClCompile Include="src\particle\ParticleGenerator.cpp">
      <Filter>Source Files</Filter>
    </ClCompile>
    <ClCompile Include="src\util\Log.cpp">
      <Filter>Source Files</Filter>
    </ClCompile>
    <ClCompile Include="src\asset\DynamicCubeMap.cpp">
      <Filter>Source Files</Filter>
    </ClCompile>
    <ClCompile Include="src\renderer\WaterMapRenderer.cpp">
      <Filter>Source Files</Filter>
    </ClCompile>
    <ClCompile Include="src\renderer\WaterNoiseGenerator.cpp">
      <Filter>Source Files</Filter>
    </ClCompile>
    <ClCompile Include="src\renderer\MirrorMapRenderer.cpp">
      <Filter>Source Files</Filter>
    </ClCompile>
    <ClCompile Include="src\renderer\CubeMapRenderer.cpp">
      <Filter>Source Files</Filter>
    </ClCompile>
    <ClCompile Include="src\renderer\ObjectIdRenderer.cpp">
      <Filter>Source Files</Filter>
    </ClCompile>
    <ClCompile Include="src\loader\SceneLoader.cpp">
      <Filter>Source Files</Filter>
    </ClCompile>
    <ClCompile Include="src\engine\AssetsLoader.cpp">
      <Filter>Source Files</Filter>
    </ClCompile>
    <ClCompile Include="src\asset\Volume.cpp">
      <Filter>Source Files</Filter>
    </ClCompile>
    <ClCompile Include="src\asset\Sphere.cpp">
      <Filter>Source Files</Filter>
    </ClCompile>
    <ClCompile Include="src\script\api\Command.cpp">
      <Filter>Source Files</Filter>
    </ClCompile>
    <ClCompile Include="src\script\ScriptEngine.cpp">
      <Filter>Source Files</Filter>
    </ClCompile>
    <ClCompile Include="src\script\CommandEngine.cpp">
      <Filter>Source Files</Filter>
    </ClCompile>
    <ClCompile Include="src\script\api\MoveNode.cpp">
      <Filter>Source Files</Filter>
    </ClCompile>
    <ClCompile Include="src\script\api\ScaleNode.cpp">
      <Filter>Source Files</Filter>
    </ClCompile>
    <ClCompile Include="src\script\api\RotateNode.cpp">
      <Filter>Source Files</Filter>
    </ClCompile>
    <ClCompile Include="src\script\api\Cancel.cpp">
      <Filter>Source Files</Filter>
    </ClCompile>
    <ClCompile Include="src\script\api\NodeCommand.cpp">
      <Filter>Source Files</Filter>
    </ClCompile>
    <ClCompile Include="src\script\api\MoveSplineNode.cpp">
      <Filter>Source Files</Filter>
    </ClCompile>
    <ClCompile Include="src\script\NodeCommandAPI.cpp">
      <Filter>Source Files</Filter>
    </ClCompile>
    <ClCompile Include="src\script\api\StartNode.cpp">
      <Filter>Source Files</Filter>
    </ClCompile>
    <ClCompile Include="src\renderer\VolumeRenderer.cpp">
      <Filter>Source Files</Filter>
    </ClCompile>
    <ClCompile Include="vendor\glad\src\glad.c">
      <Filter>Source Files</Filter>
    </ClCompile>
    <ClCompile Include="src\asset\AABB.cpp">
      <Filter>Source Files</Filter>
    </ClCompile>
    <ClCompile Include="src\material\ImageRegistry.cpp">
      <Filter>Source Files</Filter>
    </ClCompile>
    <ClCompile Include="src\material\MaterialRegistry.cpp">
      <Filter>Source Files</Filter>
    </ClCompile>
    <ClCompile Include="src\asset\OBB.cpp">
      <Filter>Source Files</Filter>
    </ClCompile>
    <ClCompile Include="src\shader\ProgramRegistry.cpp">
      <Filter>Source Files</Filter>
    </ClCompile>
    <ClCompile Include="src\asset\FrustumNew.cpp">
      <Filter>Source Files</Filter>
    </ClCompile>
    <ClCompile Include="src\kigl\GLState.cpp">
      <Filter>Source Files</Filter>
    </ClCompile>
    <ClCompile Include="src\registry\NodeRegistry.cpp">
      <Filter>Source Files</Filter>
    </ClCompile>
    <ClCompile Include="src\registry\ModelRegistry.cpp">
      <Filter>Source Files</Filter>
    </ClCompile>
    <ClCompile Include="src\registry\MeshTypeRegistry.cpp">
      <Filter>Source Files</Filter>
    </ClCompile>
    <ClCompile Include="src\backend\DrawBuffer.cpp">
      <Filter>Source Files</Filter>
    </ClCompile>
    <ClCompile Include="src\render\WindowBuffer.cpp">
      <Filter>Source Files</Filter>
    </ClCompile>
    <ClCompile Include="src\registry\EntityRegistry.cpp">
      <Filter>Source Files</Filter>
    </ClCompile>
    <ClCompile Include="src\render\RenderData.cpp">
      <Filter>Source Files</Filter>
    </ClCompile>
    <ClCompile Include="src\util\util_impl.cpp">
      <Filter>Source Files</Filter>
    </ClCompile>
    <ClCompile Include="src\registry\Registry.cpp">
      <Filter>Source Files</Filter>
    </ClCompile>
    <ClCompile Include="src\script\api\Wait.cpp">
      <Filter>Source Files</Filter>
    </ClCompile>
    <ClCompile Include="src\script\api\ResumeNode.cpp">
      <Filter>Source Files</Filter>
    </ClCompile>
    <ClCompile Include="src\generator\GridGenerator.cpp">
      <Filter>Source Files</Filter>
    </ClCompile>
    <ClCompile Include="src\generator\NodeGenerator.cpp">
      <Filter>Source Files</Filter>
    </ClCompile>
    <ClCompile Include="src\terrain\TerrainGenerator.cpp">
      <Filter>Source Files</Filter>
    </ClCompile>
    <ClCompile Include="src\physics\PhysicsEngine.cpp">
      <Filter>Source Files</Filter>
    </ClCompile>
    <ClCompile Include="src\physics\Surface.cpp">
      <Filter>Source Files</Filter>
    </ClCompile>
    <ClCompile Include="src\physics\HeightMap.cpp">
      <Filter>Source Files</Filter>
    </ClCompile>
    <ClCompile Include="src\model\NodeState.cpp">
      <Filter>Source Files</Filter>
    </ClCompile>
    <ClCompile Include="src\model\InstancePhysics.cpp">
      <Filter>Source Files</Filter>
    </ClCompile>
    <ClCompile Include="src\shader\Uniform.cpp">
      <Filter>Source Files</Filter>
    </ClCompile>
    <ClCompile Include="src\script\api\Sync.cpp">
      <Filter>Source Files</Filter>
    </ClCompile>
    <ClCompile Include="src\render\NodeDraw.cpp">
      <Filter>Source Files</Filter>
    </ClCompile>
    <ClCompile Include="src\render\GBuffer.cpp">
      <Filter>Source Files</Filter>
    </ClCompile>
    <ClCompile Include="src\render\FrameBufferAttachment.cpp">
      <Filter>Source Files</Filter>
    </ClCompile>
    <ClCompile Include="src\render\CubeMapBuffer.cpp">
      <Filter>Source Files</Filter>
    </ClCompile>
    <ClCompile Include="src\engine\UpdateContext.cpp">
      <Filter>Source Files</Filter>
    </ClCompile>
    <ClCompile Include="src\event\Event.cpp">
      <Filter>Source Files</Filter>
    </ClCompile>
    <ClCompile Include="src\event\Dispatcher.cpp">
      <Filter>Source Files</Filter>
    </ClCompile>
    <ClCompile Include="src\registry\ViewportRegistry.h">
      <Filter>Source Files</Filter>
    </ClCompile>
    <ClCompile Include="src\registry\ViewportRegistry.cpp">
      <Filter>Source Files</Filter>
    </ClCompile>
    <ClCompile Include="src\registry\ControllerRegistry.cpp">
      <Filter>Source Files</Filter>
    </ClCompile>
    <ClCompile Include="src\renderer\ShadowCascade.cpp">
      <Filter>Source Files</Filter>
    </ClCompile>
    <ClCompile Include="src\renderer\ShadowCascade.h">
      <Filter>Header Files</Filter>
    </ClCompile>
    <ClCompile Include="src\asset\Plane.cpp">
      <Filter>Source Files</Filter>
    </ClCompile>
    <ClCompile Include="src\asset\Frustum.cpp">
      <Filter>Source Files</Filter>
    </ClCompile>
    <ClCompile Include="src\render\OITBuffer.cpp">
      <Filter>Source Files</Filter>
    </ClCompile>
    <ClCompile Include="src\render\TextureQuad.cpp">
      <Filter>Source Files</Filter>
    </ClCompile>
    <ClCompile Include="src\render\EffectBuffer.cpp">
      <Filter>Source Files</Filter>
    </ClCompile>
    <ClCompile Include="src\render\TextureCube.cpp">
      <Filter>Source Files</Filter>
    </ClCompile>
    <ClCompile Include="src\render\PrefilterMap.h">
      <Filter>Source Files</Filter>
    </ClCompile>
    <ClCompile Include="src\render\PrefilterMap.cpp">
      <Filter>Source Files</Filter>
    </ClCompile>
    <ClCompile Include="src\render\CubeRender.h">
      <Filter>Source Files</Filter>
    </ClCompile>
    <ClCompile Include="src\render\CubeRender.cpp">
      <Filter>Source Files</Filter>
    </ClCompile>
    <ClCompile Include="src\render\IrradianceMap.cpp">
      <Filter>Source Files</Filter>
    </ClCompile>
    <ClCompile Include="src\render\EnvironmentMap.cpp">
      <Filter>Source Files</Filter>
    </ClCompile>
    <ClCompile Include="src\material\HdriTexture.cpp">
      <Filter>Source Files</Filter>
    </ClCompile>
    <ClCompile Include="src\render\BrdfLutTexture.cpp">
      <Filter>Source Files</Filter>
    </ClCompile>
    <ClCompile Include="src\kigl\kigl.cpp">
      <Filter>Source Files</Filter>
    </ClCompile>
    <ClCompile Include="src\kigl\GLStencilMode.cpp">
      <Filter>Source Files</Filter>
    </ClCompile>
    <ClCompile Include="src\script\api\InvokeFunction.cpp">
      <Filter>Source Files</Filter>
    </ClCompile>
    <ClCompile Include="src\script\Coroutine.cpp">
      <Filter>Source Files</Filter>
    </ClCompile>
    <ClCompile Include="src\loader\MaterialLoader.cpp">
      <Filter>Source Files</Filter>
    </ClCompile>
    <ClCompile Include="src\loader\BaseLoader.cpp">
      <Filter>Source Files</Filter>
    </ClCompile>
    <ClCompile Include="src\loader\Context.cpp">
      <Filter>Source Files</Filter>
    </ClCompile>
    <ClCompile Include="src\loader\CameraLoader.cpp">
      <Filter>Source Files</Filter>
    </ClCompile>
    <ClCompile Include="src\loader\LightLoader.cpp">
      <Filter>Source Files</Filter>
    </ClCompile>
    <ClCompile Include="src\loader\ControllerLoader.cpp">
      <Filter>Source Files</Filter>
    </ClCompile>
    <ClCompile Include="src\loader\GeneratorLoader.cpp">
      <Filter>Source Files</Filter>
    </ClCompile>
    <ClCompile Include="src\loader\CustomMaterialLoader.cpp">
      <Filter>Source Files</Filter>
    </ClCompile>
    <ClCompile Include="src\loader\PhysicsLoader.cpp">
      <Filter>Source Files</Filter>
    </ClCompile>
    <ClCompile Include="src\loader\SkyboxLoader.cpp">
      <Filter>Source Files</Filter>
    </ClCompile>
    <ClCompile Include="src\loader\BaseId.h">
      <Filter>Source Files</Filter>
    </ClCompile>
    <ClCompile Include="src\loader\NodeLoader.cpp">
      <Filter>Source Files</Filter>
    </ClCompile>
    <ClCompile Include="src\loader\RootLoader.cpp">
      <Filter>Source Files</Filter>
    </ClCompile>
    <ClCompile Include="src\physics\Object.cpp">
      <Filter>Source Files</Filter>
    </ClCompile>
    <ClCompile Include="src\controller\PawnController.cpp">
      <Filter>Source Files</Filter>
    </ClCompile>
    <ClCompile Include="src\util\glm_util.cpp">
      <Filter>Source Files</Filter>
    </ClCompile>
    <ClCompile Include="src\audio\AudoEngine.cpp">
      <Filter>Source Files</Filter>
    </ClCompile>
    <ClCompile Include="src\audio\Sound.cpp">
      <Filter>Source Files</Filter>
    </ClCompile>
    <ClCompile Include="src\audio\Source.cpp">
      <Filter>Source Files</Filter>
    </ClCompile>
    <ClCompile Include="src\audio\Listener.cpp">
      <Filter>Source Files</Filter>
    </ClCompile>
    <ClCompile Include="src\audio\al_call.cpp">
      <Filter>Source Files</Filter>
    </ClCompile>
    <ClCompile Include="src\loader\AudioLoader.cpp">
      <Filter>Source Files</Filter>
    </ClCompile>
    <ClCompile Include="src\audio\SoundRegistry.cpp">
      <Filter>Source Files</Filter>
    </ClCompile>
    <ClCompile Include="src\script\api\AudioPlay.cpp">
      <Filter>Source Files</Filter>
    </ClCompile>
    <ClCompile Include="src\script\api\AudioPause.cpp">
      <Filter>Source Files</Filter>
    </ClCompile>
    <ClCompile Include="src\script\api\AudioStop.cpp">
      <Filter>Source Files</Filter>
    </ClCompile>
    <ClCompile Include="src\loader\ScriptLoader.cpp">
      <Filter>Source Files</Filter>
    </ClCompile>
    <ClCompile Include="src\script\Script.cpp">
      <Filter>Source Files</Filter>
    </ClCompile>
    <ClCompile Include="src\shader\ProgramUniforms.cpp">
      <Filter>Source Files</Filter>
    </ClCompile>
    <ClCompile Include="src\engine\UpdateViewContext.cpp">
      <Filter>Source Files</Filter>
    </ClCompile>
    <ClCompile Include="src\scene\SceneUpdater.cpp">
      <Filter>Source Files</Filter>
    </ClCompile>
    <ClCompile Include="src\util\thread.cpp">
      <Filter>Source Files</Filter>
    </ClCompile>
    <ClCompile Include="src\model\Snapshot.cpp">
      <Filter>Source Files</Filter>
    </ClCompile>
    <ClCompile Include="src\loader\FontLoader.cpp">
      <Filter>Source Files</Filter>
    </ClCompile>
    <ClCompile Include="src\text\AtlasHandle.cpp">
      <Filter>Source Files</Filter>
    </ClCompile>
    <ClCompile Include="src\text\FontAtlas.cpp">
      <Filter>Source Files</Filter>
    </ClCompile>
    <ClCompile Include="src\mesh\vao\TexturedVAO.cpp">
      <Filter>Source Files</Filter>
    </ClCompile>
    <ClCompile Include="src\mesh\vao\TerrainVAO.cpp">
      <Filter>Source Files</Filter>
    </ClCompile>
    <ClCompile Include="src\text\FontHandle.cpp">
      <Filter>Source Files</Filter>
    </ClCompile>
    <ClCompile Include="src\text\TextDraw.cpp">
      <Filter>Source Files</Filter>
    </ClCompile>
    <ClCompile Include="src\mesh\Mesh.cpp">
      <Filter>Source Files</Filter>
    </ClCompile>
    <ClCompile Include="src\mesh\MeshType.cpp">
      <Filter>Source Files</Filter>
    </ClCompile>
    <ClCompile Include="src\mesh\ModelLoader.cpp">
      <Filter>Source Files</Filter>
    </ClCompile>
    <ClCompile Include="src\mesh\ModelMesh.cpp">
      <Filter>Source Files</Filter>
    </ClCompile>
    <ClCompile Include="src\mesh\Vertex.cpp">
      <Filter>Source Files</Filter>
    </ClCompile>
    <ClCompile Include="src\mesh\TextMesh.cpp">
      <Filter>Source Files</Filter>
    </ClCompile>
    <ClCompile Include="src\generator\TextGenerator.cpp">
      <Filter>Source Files</Filter>
    </ClCompile>
    <ClCompile Include="src\engine\PrepareContext.cpp">
      <Filter>Source Files</Filter>
    </ClCompile>
    <ClCompile Include="src\kigl\GLFence.cpp">
      <Filter>Source Files</Filter>
    </ClCompile>
    <ClCompile Include="src\mesh\vao\VertexPositionVBO.cpp">
      <Filter>Source Files</Filter>
    </ClCompile>
    <ClCompile Include="src\registry\NodeSnapshotRegistry.cpp">
      <Filter>Source Files</Filter>
    </ClCompile>
    <ClCompile Include="src\engine\InputContext.cpp">
      <Filter>Source Files</Filter>
    </ClCompile>
    <ClCompile Include="src\pool\Pool_impl.h">
      <Filter>Header Files</Filter>
    </ClCompile>
    <ClCompile Include="src\pool\NodeHandle.cpp">
      <Filter>Source Files</Filter>
    </ClCompile>
    <ClCompile Include="src\pool\TypeHandle.cpp">
      <Filter>Source Files</Filter>
    </ClCompile>
    <ClCompile Include="src\pool\IdHash.cpp">
      <Filter>Source Files</Filter>
    </ClCompile>
    <ClCompile Include="src\loader\BaseId.cpp">
      <Filter>Source Files</Filter>
    </ClCompile>
    <ClCompile Include="src\loader\DagSort.cpp">
      <Filter>Source Files</Filter>
    </ClCompile>
    <ClCompile Include="src\ki\FpsCounter.cpp">
      <Filter>Source Files</Filter>
    </ClCompile>
    <ClCompile Include="src\script\CommandEntry.cpp">
      <Filter>Source Files</Filter>
    </ClCompile>
    <ClCompile Include="src\script\CommandHandle.cpp">
      <Filter>Source Files</Filter>
    </ClCompile>
    <ClCompile Include="src\mesh\LodMesh.cpp">
      <Filter>Source Files</Filter>
    </ClCompile>
    <ClCompile Include="src\render\BatchCommand.cpp">
      <Filter>Source Files</Filter>
    </ClCompile>
    <ClCompile Include="src\text\vao\AtlasTextureVBO.cpp">
      <Filter>Source Files</Filter>
    </ClCompile>
    <ClCompile Include="src\script\api\SetTextNode.cpp">
      <Filter>Source Files</Filter>
    </ClCompile>
    <ClCompile Include="src\particle\ParticleSystem.cpp">
      <Filter>Source Files</Filter>
    </ClCompile>
    <ClCompile Include="src\loader\ParticleLoader.cpp">
      <Filter>Source Files</Filter>
    </ClCompile>
    <ClCompile Include="src\scene\ParticleUpdater.cpp">
      <Filter>Source Files</Filter>
    </ClCompile>
    <ClCompile Include="src\terrain\TerrainTileRegistry.cpp">
      <Filter>Source Files</Filter>
    </ClCompile>
    <ClCompile Include="src\material\ColorTexture.cpp">
      <Filter>Source Files</Filter>
    </ClCompile>
    <ClCompile Include="src\mesh\AssimpLoader.cpp">
      <Filter>Source Files</Filter>
    </ClCompile>
    <ClCompile Include="src\mesh\vao\VertexNormalVBO.cpp">
      <Filter>Source Files</Filter>
    </ClCompile>
    <ClCompile Include="src\mesh\vao\VertexTextureVBO.cpp">
      <Filter>Source Files</Filter>
    </ClCompile>
    <ClCompile Include="src\mesh\vao\VertexIndexEBO.cpp">
      <Filter>Source Files</Filter>
    </ClCompile>
    <ClCompile Include="src\animation\RigJoint.cpp">
      <Filter>Source Files</Filter>
    </ClCompile>
    <ClCompile Include="src\mesh\vao\VertexBoneVBO.cpp">
      <Filter>Source Files</Filter>
    </ClCompile>
    <ClCompile Include="src\animation\BoneContainer.cpp">
      <Filter>Source Files</Filter>
    </ClCompile>
    <ClCompile Include="src\animation\BoneTransform.cpp">
      <Filter>Source Files</Filter>
    </ClCompile>
    <ClCompile Include="src\util\assimp_util.cpp">
      <Filter>Source Files</Filter>
    </ClCompile>
    <ClCompile Include="src\animation\RigContainer.cpp">
      <Filter>Source Files</Filter>
    </ClCompile>
    <ClCompile Include="src\mesh\vao\SkinnedVAO.cpp">
      <Filter>Source Files</Filter>
    </ClCompile>
    <ClCompile Include="src\animation\BoneChannel.cpp">
      <Filter>Source Files</Filter>
    </ClCompile>
    <ClCompile Include="src\animation\AnimationLoader.cpp">
      <Filter>Source Files</Filter>
    </ClCompile>
    <ClCompile Include="src\animation\Animation.cpp">
      <Filter>Source Files</Filter>
    </ClCompile>
    <ClCompile Include="src\animation\Animator.cpp">
      <Filter>Source Files</Filter>
    </ClCompile>
    <ClCompile Include="src\animation\AnimationSystem.cpp">
      <Filter>Source Files</Filter>
    </ClCompile>
    <ClCompile Include="src\scene\AnimationUpdater.cpp">
      <Filter>Source Files</Filter>
    </ClCompile>
    <ClCompile Include="src\scene\Updater.cpp">
      <Filter>Source Files</Filter>
    </ClCompile>
    <ClCompile Include="src\animation\BoneInfo.cpp">
      <Filter>Source Files</Filter>
    </ClCompile>
    <ClCompile Include="src\loader\PrefabLoader.cpp">
      <Filter>Source Files</Filter>
    </ClCompile>
    <ClCompile Include="src\loader\Loaders.cpp">
      <Filter>Source Files</Filter>
    </ClCompile>
    <ClCompile Include="src\loader\converter\YamlConverter.cpp">
      <Filter>Source Files</Filter>
    </ClCompile>
    <ClCompile Include="src\loader\converter\DocNode.cpp">
      <Filter>Source Files</Filter>
    </ClCompile>
    <ClCompile Include="src\loader\converter\DocNodeData.cpp">
      <Filter>Source Files</Filter>
    </ClCompile>
    <ClCompile Include="src\mesh\MeshSet.cpp">
      <Filter>Source Files</Filter>
    </ClCompile>
    <ClCompile Include="src\loader\MeshLoader.cpp">
      <Filter>Source Files</Filter>
    </ClCompile>
    <ClCompile Include="src\loader\TextLoader.cpp">
      <Filter>Source Files</Filter>
    </ClCompile>
    <ClCompile Include="src\text\FontRegistry.cpp">
      <Filter>Source Files</Filter>
    </ClCompile>
    <ClCompile Include="src\text\TextSystem.cpp">
      <Filter>Source Files</Filter>
    </ClCompile>
    <ClCompile Include="src\mesh\vao\VertexVBO.cpp">
      <Filter>Source Files</Filter>
    </ClCompile>
    <ClCompile Include="src\text\vao\TextVAO.h">
      <Filter>Source Files</Filter>
    </ClCompile>
    <ClCompile Include="src\text\vao\TextVAO.cpp">
      <Filter>Source Files</Filter>
    </ClCompile>
    <ClCompile Include="src\animation\SocketRegistry.cpp">
      <Filter>Source Files</Filter>
    </ClCompile>
    <ClCompile Include="src\animation\BoneRegistry.cpp">
      <Filter>Source Files</Filter>
    </ClCompile>
    <ClCompile Include="src\animation\RigSocket.cpp">
      <Filter>Source Files</Filter>
    </ClCompile>
    <ClCompile Include="src\mesh\mesh_util.cpp">
      <Filter>Source Files</Filter>
    </ClCompile>
    <ClCompile Include="src\animation\MeshInfo.cpp">
      <Filter>Source Files</Filter>
    </ClCompile>
    <ClCompile Include="src\loader\PivotLoader.cpp">
      <Filter>Source Files</Filter>
    </ClCompile>
    <ClCompile Include="src\model\PivotPoint.cpp">
      <Filter>Source Files</Filter>
    </ClCompile>
    <ClCompile Include="src\loader\loader_util.cpp">
      <Filter>Source Files</Filter>
    </ClCompile>
    <ClCompile Include="src\animation\ClipContainer.cpp">
      <Filter>Source Files</Filter>
    </ClCompile>
    <ClCompile Include="src\animation\animation_util.cpp">
      <Filter>Source Files</Filter>
    </ClCompile>
    <ClCompile Include="src\render\DebugContext.cpp">
      <Filter>Source Files</Filter>
    </ClCompile>
    <ClCompile Include="src\animation\MetadataLoader.cpp">
      <Filter>Source Files</Filter>
    </ClCompile>
    <ClCompile Include="src\animation\Metadata.cpp">
      <Filter>Source Files</Filter>
    </ClCompile>
    <ClCompile Include="src\mesh\PrimitiveMesh.cpp">
      <Filter>Source Files</Filter>
    </ClCompile>
    <ClCompile Include="src\loader\VertexLoader.cpp">
      <Filter>Source Files</Filter>
    </ClCompile>
    <ClCompile Include="src\mesh\RigJointTreeGenerator.cpp">
      <Filter>Source Files</Filter>
    </ClCompile>
    <ClCompile Include="src\script\api\AnimationPlay.cpp">
      <Filter>Source Files</Filter>
    </ClCompile>
    <ClCompile Include="src\mesh\generator\PrimitiveGenerator.h">
      <Filter>Source Files</Filter>
    </ClCompile>
    <ClCompile Include="src\mesh\generator\PrimitiveGenerator.cpp">
      <Filter>Source Files</Filter>
    </ClCompile>
    <ClCompile Include="vendor\generator\src\AnyMesh.cpp">
      <Filter>Source Files</Filter>
    </ClCompile>
    <ClCompile Include="vendor\generator\src\AnyPath.cpp">
      <Filter>Source Files</Filter>
    </ClCompile>
    <ClCompile Include="vendor\generator\src\AnyShape.cpp">
      <Filter>Source Files</Filter>
    </ClCompile>
    <ClCompile Include="vendor\generator\src\BoxMesh.cpp">
      <Filter>Source Files</Filter>
    </ClCompile>
    <ClCompile Include="vendor\generator\src\CappedConeMesh.cpp">
      <Filter>Source Files</Filter>
    </ClCompile>
    <ClCompile Include="vendor\generator\src\CappedCylinderMesh.cpp">
      <Filter>Source Files</Filter>
    </ClCompile>
    <ClCompile Include="vendor\generator\src\CappedTubeMesh.cpp">
      <Filter>Source Files</Filter>
    </ClCompile>
    <ClCompile Include="vendor\generator\src\CapsuleMesh.cpp">
      <Filter>Source Files</Filter>
    </ClCompile>
    <ClCompile Include="vendor\generator\src\CircleShape.cpp">
      <Filter>Source Files</Filter>
    </ClCompile>
    <ClCompile Include="vendor\generator\src\ConeMesh.cpp">
      <Filter>Source Files</Filter>
    </ClCompile>
    <ClCompile Include="vendor\generator\src\ConvexPolygonMesh.cpp">
      <Filter>Source Files</Filter>
    </ClCompile>
    <ClCompile Include="vendor\generator\src\CylinderMesh.cpp">
      <Filter>Source Files</Filter>
    </ClCompile>
    <ClCompile Include="vendor\generator\src\DiskMesh.cpp">
      <Filter>Source Files</Filter>
    </ClCompile>
    <ClCompile Include="vendor\generator\src\DodecahedronMesh.cpp">
      <Filter>Source Files</Filter>
    </ClCompile>
    <ClCompile Include="vendor\generator\src\EmptyMesh.cpp">
      <Filter>Source Files</Filter>
    </ClCompile>
    <ClCompile Include="vendor\generator\src\EmptyPath.cpp">
      <Filter>Source Files</Filter>
    </ClCompile>
    <ClCompile Include="vendor\generator\src\EmptyShape.cpp">
      <Filter>Source Files</Filter>
    </ClCompile>
    <ClCompile Include="vendor\generator\src\GridShape.cpp">
      <Filter>Source Files</Filter>
    </ClCompile>
    <ClCompile Include="vendor\generator\src\HelixPath.cpp">
      <Filter>Source Files</Filter>
    </ClCompile>
    <ClCompile Include="vendor\generator\src\IcosahedronMesh.cpp">
      <Filter>Source Files</Filter>
    </ClCompile>
    <ClCompile Include="vendor\generator\src\IcoSphereMesh.cpp">
      <Filter>Source Files</Filter>
    </ClCompile>
    <ClCompile Include="vendor\generator\src\KnotPath.cpp">
      <Filter>Source Files</Filter>
    </ClCompile>
    <ClCompile Include="vendor\generator\src\LinePath.cpp">
      <Filter>Source Files</Filter>
    </ClCompile>
    <ClCompile Include="vendor\generator\src\LineShape.cpp">
      <Filter>Source Files</Filter>
    </ClCompile>
    <ClCompile Include="vendor\generator\src\ObjWriter.cpp">
      <Filter>Source Files</Filter>
    </ClCompile>
    <ClCompile Include="vendor\generator\src\ParametricMesh.cpp">
      <Filter>Source Files</Filter>
    </ClCompile>
    <ClCompile Include="vendor\generator\src\ParametricPath.cpp">
      <Filter>Source Files</Filter>
    </ClCompile>
    <ClCompile Include="vendor\generator\src\ParametricShape.cpp">
      <Filter>Source Files</Filter>
    </ClCompile>
    <ClCompile Include="vendor\generator\src\PlaneMesh.cpp">
      <Filter>Source Files</Filter>
    </ClCompile>
    <ClCompile Include="vendor\generator\src\RectangleShape.cpp">
      <Filter>Source Files</Filter>
    </ClCompile>
    <ClCompile Include="vendor\generator\src\RoundedBoxMesh.cpp">
      <Filter>Source Files</Filter>
    </ClCompile>
    <ClCompile Include="vendor\generator\src\RoundedRectangleShape.cpp">
      <Filter>Source Files</Filter>
    </ClCompile>
    <ClCompile Include="vendor\generator\src\SphereMesh.cpp">
      <Filter>Source Files</Filter>
    </ClCompile>
    <ClCompile Include="vendor\generator\src\SphericalConeMesh.cpp">
      <Filter>Source Files</Filter>
    </ClCompile>
    <ClCompile Include="vendor\generator\src\SphericalTriangleMesh.cpp">
      <Filter>Source Files</Filter>
    </ClCompile>
    <ClCompile Include="vendor\generator\src\SpringMesh.cpp">
      <Filter>Source Files</Filter>
    </ClCompile>
    <ClCompile Include="vendor\generator\src\SvgWriter.cpp">
      <Filter>Source Files</Filter>
    </ClCompile>
    <ClCompile Include="vendor\generator\src\TeapotMesh.cpp">
      <Filter>Source Files</Filter>
    </ClCompile>
    <ClCompile Include="vendor\generator\src\TorusKnotMesh.cpp">
      <Filter>Source Files</Filter>
    </ClCompile>
    <ClCompile Include="vendor\generator\src\TorusMesh.cpp">
      <Filter>Source Files</Filter>
    </ClCompile>
    <ClCompile Include="vendor\generator\src\TriangleMesh.cpp">
      <Filter>Source Files</Filter>
    </ClCompile>
    <ClCompile Include="vendor\generator\src\TubeMesh.cpp">
      <Filter>Source Files</Filter>
    </ClCompile>
    <ClCompile Include="src\physics\MeshGenerator.cpp">
      <Filter>Source Files</Filter>
    </ClCompile>
    <ClCompile Include="src\registry\VaoRegistry.cpp">
      <Filter>Source Files</Filter>
    </ClCompile>
    <ClCompile Include="src\renderer\PhysicsRenderer.cpp">
      <Filter>Source Files</Filter>
    </ClCompile>
    <ClCompile Include="src\component\CameraComponent.cpp">
      <Filter>Source Files</Filter>
    </ClCompile>
    <ClCompile Include="src\component\FpsCamera.h">
      <Filter>Source Files</Filter>
    </ClCompile>
    <ClCompile Include="src\component\FpsCamerra.cpp">
      <Filter>Source Files</Filter>
    </ClCompile>
    <ClCompile Include="src\component\FollowCamera.cpp">
      <Filter>Source Files</Filter>
    </ClCompile>
    <ClCompile Include="src\component\OrbitCamerra.cpp">
      <Filter>Source Files</Filter>
    </ClCompile>
    <ClCompile Include="src\component\SplineCamera.cpp">
      <Filter>Source Files</Filter>
    </ClCompile>
    <ClCompile Include="src\component\Spline.cpp">
      <Filter>Source Files</Filter>
    </ClCompile>
    <ClCompile Include="src\script\UtilAPI.cpp">
      <Filter>Source Files</Filter>
    </ClCompile>
    <ClCompile Include="src\ki\sid.cpp">
      <Filter>Source Files</Filter>
    </ClCompile>
    <ClCompile Include="src\physics\Body.cpp">
      <Filter>Source Files</Filter>
    </ClCompile>
    <ClCompile Include="src\physics\Geom.cpp">
      <Filter>Source Files</Filter>
    </ClCompile>
    <ClCompile Include="src\decal\Decal.cpp">
      <Filter>Source Files</Filter>
    </ClCompile>
    <ClCompile Include="src\decal\DecalSystem.cpp">
      <Filter>Source Files</Filter>
    </ClCompile>
    <ClCompile Include="src\physics\physics_util.cpp">
      <Filter>Source Files</Filter>
    </ClCompile>
    <ClCompile Include="src\renderer\DecalRenderer.cpp">
      <Filter>Source Files</Filter>
    </ClCompile>
    <ClCompile Include="src\mesh\generator\TangentCalculator.cpp">
      <Filter>Source Files</Filter>
    </ClCompile>
    <ClCompile Include="src\physics\PhysicsMaterial.cpp">
      <Filter>Source Files</Filter>
    </ClCompile>
    <ClCompile Include="src\loader\value\PhysicsCategoryValue.cpp">
      <Filter>Source Files</Filter>
    </ClCompile>
    <ClCompile Include="src\loader\value\PhysicsGeomValue.cpp">
      <Filter>Source Files</Filter>
    </ClCompile>
    <ClCompile Include="src\event\actions.cpp">
      <Filter>Source Files</Filter>
    </ClCompile>
    <ClCompile Include="src\renderer\MeshRenderer.cpp">
      <Filter>Source Files</Filter>
    </ClCompile>
    <ClCompile Include="src\renderer\EnvironmentProbeRenderer.cpp">
      <Filter>Source Files</Filter>
    </ClCompile>
    <ClCompile Include="src\shader\ShaderSource.cpp">
      <Filter>Source Files</Filter>
    </ClCompile>
    <ClCompile Include="src\shader\FileEntry.cpp">
      <Filter>Source Files</Filter>
    </ClCompile>
    <ClCompile Include="src\material\ShaderMaterialUpdater.cpp">
      <Filter>Source Files</Filter>
    </ClCompile>
    <ClCompile Include="src\material\CustomMaterial.cpp">
      <Filter>Source Files</Filter>
    </ClCompile>
    <ClCompile Include="src\material\MaterialUpdater.cpp">
      <Filter>Source Files</Filter>
    </ClCompile>
    <ClCompile Include="src\loader\MaterialUpdaterLoader.cpp">
      <Filter>Source Files</Filter>
    </ClCompile>
    <ClCompile Include="src\shader\FileEntryCache.cpp">
      <Filter>Source Files</Filter>
    </ClCompile>
    <ClCompile Include="src\mesh\VaoMesh.cpp">
      <Filter>Source Files</Filter>
    </ClCompile>
    <ClCompile Include="src\mesh\NonVaoMesh.cpp">
      <Filter>Source Files</Filter>
    </ClCompile>
    <ClCompile Include="src\loader\DecalLoaderr.cpp">
      <Filter>Source Files</Filter>
    </ClCompile>
    <ClCompile Include="src\decal\DecalRegisry.cpp">
      <Filter>Source Files</Filter>
    </ClCompile>
    <ClCompile Include="src\decal\DecalDefinition.cpp">
      <Filter>Source Files</Filter>
    </ClCompile>
    <ClCompile Include="src\render\ScreenTri.cpp">
      <Filter>Source Files</Filter>
    </ClCompile>
    <ClCompile Include="src\render\NodeCollection.cpp">
      <Filter>Source Files</Filter>
    </ClCompile>
    <ClCompile Include="src\util\Random.cpp">
      <Filter>Source Files</Filter>
    </ClCompile>
    <ClCompile Include="src\particle\ParticleDefinition.cpp">
      <Filter>Source Files</Filter>
    </ClCompile>
    <ClCompile Include="src\script\api\ParticleEmit.cpp">
      <Filter>Source Files</Filter>
    </ClCompile>
    <ClCompile Include="src\script\api\ParticleStop.cpp">
      <Filter>Source Files</Filter>
    </ClCompile>
    <ClCompile Include="src\script\api\SetVisibleNode.cpp">
      <Filter>Source Files</Filter>
    </ClCompile>
    <ClCompile Include="src\render\BlurBuffer.cpp">
      <Filter>Source Files</Filter>
    </ClCompile>
    <ClCompile Include="src\material\FontAtlasMaterialUpdater.cpp">
      <Filter>Source Files</Filter>
    </ClCompile>
    <ClCompile Include="src\util\utf8_util.cpp">
      <Filter>Source Files</Filter>
    </ClCompile>
    <ClCompile Include="src\asset\LayerInfo.cpp">
      <Filter>Source Files</Filter>
    </ClCompile>
    <ClCompile Include="src\render\PassFog.cpp">
      <Filter>Source Files</Filter>
    </ClCompile>
    <ClCompile Include="src\render\Pass.cpp">
      <Filter>Source Files</Filter>
    </ClCompile>
    <ClCompile Include="src\render\PassDecal.cpp">
      <Filter>Source Files</Filter>
    </ClCompile>
    <ClCompile Include="src\render\PassParticle.cpp">
      <Filter>Source Files</Filter>
    </ClCompile>
    <ClCompile Include="src\render\PassForward.cpp">
      <Filter>Source Files</Filter>
    </ClCompile>
    <ClCompile Include="src\render\PassSkybox.cpp">
      <Filter>Source Files</Filter>
    </ClCompile>
    <ClCompile Include="src\render\PassEffect..cpp">
      <Filter>Source Files</Filter>
    </ClCompile>
    <ClCompile Include="src\render\PassBloom.cpp">
      <Filter>Source Files</Filter>
    </ClCompile>
    <ClCompile Include="src\render\PassOit.cpp">
      <Filter>Source Files</Filter>
    </ClCompile>
    <ClCompile Include="src\render\PassDebug.cpp">
      <Filter>Source Files</Filter>
    </ClCompile>
    <ClCompile Include="src\render\PassDeferred.cpp">
      <Filter>Source Files</Filter>
    </ClCompile>
    <ClCompile Include="src\render\CollectionRender.cpp">
      <Filter>Source Files</Filter>
    </ClCompile>
    <ClCompile Include="src\render\PassCopy.cpp">
      <Filter>Source Files</Filter>
    </ClCompile>
    <ClCompile Include="src\render\BatchRegistry.cpp">
      <Filter>Source Files</Filter>
    </ClCompile>
    <ClCompile Include="src\registry\SelectionRegistry.cpp">
      <Filter>Source Files</Filter>
    </ClCompile>
    <ClCompile Include="src\animation\BoneBuffer.cpp">
      <Filter>Source Files</Filter>
    </ClCompile>
    <ClCompile Include="src\animation\SocketBuffer.cpp">
      <Filter>Source Files</Filter>
    </ClCompile>
    <ClCompile Include="src\decal\DecalBuffer.cpp">
      <Filter>Source Files</Filter>
    </ClCompile>
    <ClCompile Include="src\script\api\EmitEvent.cpp">
      <Filter>Source Files</Filter>
    </ClCompile>
    <ClCompile Include="src\script\api\EmitEvent.h">
      <Filter>Header Files</Filter>
    </ClCompile>
    <ClCompile Include="src\script\lua_util.cpp">
      <Filter>Source Files</Filter>
    </ClCompile>
    <ClCompile Include="src\script\user_type\LuaNode.cpp">
      <Filter>Source Files</Filter>
    </ClCompile>
    <ClCompile Include="src\script\user_type\LuaCommand.cpp">
      <Filter>Source Files</Filter>
    </ClCompile>
    <ClCompile Include="src\script\user_type\LuaUtil.cpp">
      <Filter>Source Files</Filter>
    </ClCompile>
    <ClCompile Include="src\editor\console\ConsoleFrame.cpp">
      <Filter>Source Files</Filter>
    </ClCompile>
    <ClCompile Include="src\decal\DecalCollection.cpp">
      <Filter>Source Files</Filter>
    </ClCompile>
    <ClCompile Include="src\editor\console\ConsoleExample.cpp">
      <Filter>Source Files</Filter>
    </ClCompile>
    <ClCompile Include="src\editor\console\ConsoleState.cpp">
      <Filter>Source Files</Filter>
    </ClCompile>
    <ClCompile Include="src\script\user_type\LuaGlm.cpp">
      <Filter>Source Files</Filter>
    </ClCompile>
    <ClCompile Include="src\script\api\SelectNode.cpp">
      <Filter>Source Files</Filter>
    </ClCompile>
    <ClCompile Include="src\engine\SystemInit.cpp">
      <Filter>Source Files</Filter>
    </ClCompile>
    <ClCompile Include="src\script\user_type\LuaPhysics.cpp">
      <Filter>Source Files</Filter>
    </ClCompile>
    <ClCompile Include="src\script\api\RayCast.h">
      <Filter>Source Files</Filter>
    </ClCompile>
    <ClCompile Include="src\script\api\RayCast.cpp">
      <Filter>Source Files</Filter>
    </ClCompile>
    <ClCompile Include="src\script\user_type\LuaRayHit.cpp">
      <Filter>Source Files</Filter>
    </ClCompile>
    <ClCompile Include="src\render\PassDebugPhysics.cpp">
      <Filter>Source Files</Filter>
    </ClCompile>
    <ClCompile Include="src\render\PassDebugVolume.h">
      <Filter>Source Files</Filter>
    </ClCompile>
    <ClCompile Include="src\render\PassDebugVolume.cpp">
      <Filter>Source Files</Filter>
    </ClCompile>
    <ClCompile Include="src\render\PassDebugEnvironmentProbe.cpp">
      <Filter>Source Files</Filter>
    </ClCompile>
  </ItemGroup>
  <ItemGroup>
    <ClInclude Include="resource.h">
      <Filter>Header Files</Filter>
    </ClInclude>
    <ClInclude Include="src\engine\Engine.h">
      <Filter>Header Files</Filter>
    </ClInclude>
    <ClInclude Include="src\sample_app\SampleApp.h">
      <Filter>Header Files</Filter>
    </ClInclude>
    <ClInclude Include="src\ki\Timer.h">
      <Filter>Header Files</Filter>
    </ClInclude>
    <ClInclude Include="src\sample_app\TestSceneSetup.h">
      <Filter>Header Files</Filter>
    </ClInclude>
    <ClInclude Include="vendor\stb_image\src\stb_image.h">
      <Filter>Header Files</Filter>
    </ClInclude>
    <ClInclude Include="src\editor\EditorFrame.h">
      <Filter>Header Files</Filter>
    </ClInclude>
    <ClInclude Include="src\renderer\LayerRenderer.h">
      <Filter>Header Files</Filter>
    </ClInclude>
    <ClInclude Include="src\renderer\NormalRenderer.h">
      <Filter>Header Files</Filter>
    </ClInclude>
    <ClInclude Include="src\renderer\ShadowMapRenderer.h">
      <Filter>Header Files</Filter>
    </ClInclude>
    <ClInclude Include="src\scene\SkyboxMaterial.h">
      <Filter>Header Files</Filter>
    </ClInclude>
    <ClInclude Include="src\model\Node.h">
      <Filter>Header Files</Filter>
    </ClInclude>
    <ClInclude Include="src\particle\Particle.h">
      <Filter>Header Files</Filter>
    </ClInclude>
    <ClInclude Include="src\generator\AsteroidBeltGenerator.h">
      <Filter>Header Files</Filter>
    </ClInclude>
    <ClInclude Include="src\controller\CameraZoomController.h">
      <Filter>Header Files</Filter>
    </ClInclude>
    <ClInclude Include="src\component\Light.h">
      <Filter>Header Files</Filter>
    </ClInclude>
    <ClInclude Include="src\render\Camera.h">
      <Filter>Header Files</Filter>
    </ClInclude>
    <ClInclude Include="src\asset\Assets.h">
      <Filter>Header Files</Filter>
    </ClInclude>
    <ClInclude Include="src\material\Image.h">
      <Filter>Header Files</Filter>
    </ClInclude>
    <ClInclude Include="src\material\Material.h">
      <Filter>Header Files</Filter>
    </ClInclude>
    <ClInclude Include="src\controller\NodeController.h">
      <Filter>Header Files</Filter>
    </ClInclude>
    <ClInclude Include="src\renderer\ViewportRenderer.h">
      <Filter>Header Files</Filter>
    </ClInclude>
    <ClInclude Include="src\gui\Input.h">
      <Filter>Header Files</Filter>
    </ClInclude>
    <ClInclude Include="src\gui\Window.h">
      <Filter>Header Files</Filter>
    </ClInclude>
    <ClInclude Include="src\material\Texture.h">
      <Filter>Header Files</Filter>
    </ClInclude>
    <ClInclude Include="src\render\Batch.h">
      <Filter>Header Files</Filter>
    </ClInclude>
    <ClInclude Include="src\render\CubeMap.h">
      <Filter>Header Files</Filter>
    </ClInclude>
    <ClInclude Include="src\render\FrameBuffer.h">
      <Filter>Header Files</Filter>
    </ClInclude>
    <ClInclude Include="src\scene\Scene.h">
      <Filter>Header Files</Filter>
    </ClInclude>
    <ClInclude Include="src\engine\AsyncLoader.h">
      <Filter>Header Files</Filter>
    </ClInclude>
    <ClInclude Include="src\renderer\Renderer.h">
      <Filter>Header Files</Filter>
    </ClInclude>
    <ClInclude Include="src\render\RenderContext.h">
      <Filter>Header Files</Filter>
    </ClInclude>
    <ClInclude Include="src\particle\ParticleGenerator.h">
      <Filter>Header Files</Filter>
    </ClInclude>
    <ClInclude Include="src\shader\Program.h">
      <Filter>Header Files</Filter>
    </ClInclude>
    <ClInclude Include="src\renderer\ParticleRenderer.h">
      <Filter>Header Files</Filter>
    </ClInclude>
    <ClInclude Include="src\util\Perlin.h">
      <Filter>Header Files</Filter>
    </ClInclude>
    <ClInclude Include="src\shader\UBO.h">
      <Filter>Header Files</Filter>
    </ClInclude>
    <ClInclude Include="src\model\Viewport.h">
      <Filter>Header Files</Filter>
    </ClInclude>
    <ClInclude Include="src\gui\Frame.h">
      <Filter>Header Files</Filter>
    </ClInclude>
    <ClInclude Include="src\gui\FrameInit.h">
      <Filter>Header Files</Filter>
    </ClInclude>
    <ClInclude Include="src\material\PlainTexture.h">
      <Filter>Header Files</Filter>
    </ClInclude>
    <ClInclude Include="src\material\ImageTexture.h">
      <Filter>Header Files</Filter>
    </ClInclude>
    <ClInclude Include="src\util\Log.h">
      <Filter>Header Files</Filter>
    </ClInclude>
    <ClInclude Include="src\asset\DynamicCubeMap.h">
      <Filter>Header Files</Filter>
    </ClInclude>
    <ClInclude Include="src\renderer\WaterMapRenderer.h">
      <Filter>Header Files</Filter>
    </ClInclude>
    <ClInclude Include="src\renderer\WaterNoiseGenerator.h">
      <Filter>Header Files</Filter>
    </ClInclude>
    <ClInclude Include="src\renderer\MirrorMapRenderer.h">
      <Filter>Header Files</Filter>
    </ClInclude>
    <ClInclude Include="src\renderer\CubeMapRenderer.h">
      <Filter>Header Files</Filter>
    </ClInclude>
    <ClInclude Include="src\renderer\ObjectIdRenderer.h">
      <Filter>Header Files</Filter>
    </ClInclude>
    <ClInclude Include="src\loader\SceneLoader.h">
      <Filter>Header Files</Filter>
    </ClInclude>
    <ClInclude Include="src\engine\AssetsLoader.h">
      <Filter>Header Files</Filter>
    </ClInclude>
    <ClInclude Include="src\shader\ProgramBind.h">
      <Filter>Header Files</Filter>
    </ClInclude>
    <ClInclude Include="src\asset\Volume.h">
      <Filter>Header Files</Filter>
    </ClInclude>
    <ClInclude Include="src\asset\Frustum.h">
      <Filter>Header Files</Filter>
    </ClInclude>
    <ClInclude Include="src\asset\Plane.h">
      <Filter>Header Files</Filter>
    </ClInclude>
    <ClInclude Include="src\asset\Sphere.h">
      <Filter>Header Files</Filter>
    </ClInclude>
    <ClInclude Include="src\ki\uuid.h">
      <Filter>Header Files</Filter>
    </ClInclude>
    <ClInclude Include="src\script\api\Command.h">
      <Filter>Header Files</Filter>
    </ClInclude>
    <ClInclude Include="src\script\api\MoveNode.h">
      <Filter>Header Files</Filter>
    </ClInclude>
    <ClInclude Include="src\script\ScriptEngine.h">
      <Filter>Header Files</Filter>
    </ClInclude>
    <ClInclude Include="src\script\CommandEngine.h">
      <Filter>Header Files</Filter>
    </ClInclude>
    <ClInclude Include="src\script\api\RotateNode.h">
      <Filter>Header Files</Filter>
    </ClInclude>
    <ClInclude Include="src\script\api\ScaleNode.h">
      <Filter>Header Files</Filter>
    </ClInclude>
    <ClInclude Include="src\script\api\Cancel.h">
      <Filter>Header Files</Filter>
    </ClInclude>
    <ClInclude Include="src\script\api\NodeCommand.h">
      <Filter>Header Files</Filter>
    </ClInclude>
    <ClInclude Include="src\script\api\MoveSplineNode.h">
      <Filter>Header Files</Filter>
    </ClInclude>
    <ClInclude Include="src\script\NodeCommandAPI.h">
      <Filter>Header Files</Filter>
    </ClInclude>
    <ClInclude Include="src\script\api\StartNode.h">
      <Filter>Header Files</Filter>
    </ClInclude>
    <ClInclude Include="src\script\api\Wait.h">
      <Filter>Header Files</Filter>
    </ClInclude>
    <ClInclude Include="src\renderer\VolumeRenderer.h">
      <Filter>Header Files</Filter>
    </ClInclude>
    <ClInclude Include="vendor\glad\include\glad\glad.h">
      <Filter>Header Files</Filter>
    </ClInclude>
    <ClInclude Include="vendor\glad\include\KHR\khrplatform.h">
      <Filter>Header Files</Filter>
    </ClInclude>
    <ClInclude Include="src\asset\AABB.h">
      <Filter>Header Files</Filter>
    </ClInclude>
    <ClInclude Include="src\asset\FrustumNew.h">
      <Filter>Header Files</Filter>
    </ClInclude>
    <ClInclude Include="src\shader\SSBO.h">
      <Filter>Header Files</Filter>
    </ClInclude>
    <ClInclude Include="src\kigl\GLBuffer.h">
      <Filter>Header Files</Filter>
    </ClInclude>
    <ClInclude Include="src\kigl\GLVertexArray.h">
      <Filter>Header Files</Filter>
    </ClInclude>
    <ClInclude Include="src\material\ImageRegistry.h">
      <Filter>Header Files</Filter>
    </ClInclude>
    <ClInclude Include="src\material\MaterialRegistry.h">
      <Filter>Header Files</Filter>
    </ClInclude>
    <ClInclude Include="src\asset\OBB.h">
      <Filter>Header Files</Filter>
    </ClInclude>
    <ClInclude Include="src\shader\ProgramRegistry.h">
      <Filter>Header Files</Filter>
    </ClInclude>
    <ClInclude Include="src\kigl\GLState.h">
      <Filter>Header Files</Filter>
    </ClInclude>
    <ClInclude Include="src\registry\NodeRegistry.h">
      <Filter>Header Files</Filter>
    </ClInclude>
    <ClInclude Include="src\registry\ModelRegistry.h">
      <Filter>Header Files</Filter>
    </ClInclude>
    <ClInclude Include="src\registry\MeshTypeRegistry.h">
      <Filter>Header Files</Filter>
    </ClInclude>
    <ClInclude Include="src\render\BatchEntry.h">
      <Filter>Header Files</Filter>
    </ClInclude>
    <ClInclude Include="src\backend\DrawOptions.h">
      <Filter>Header Files</Filter>
    </ClInclude>
    <ClInclude Include="src\render\BatchCommand.h">
      <Filter>Header Files</Filter>
    </ClInclude>
    <ClInclude Include="src\backend\DrawBuffer.h">
      <Filter>Header Files</Filter>
    </ClInclude>
    <ClInclude Include="src\kigl\GLBufferRange.h">
      <Filter>Header Files</Filter>
    </ClInclude>
    <ClInclude Include="src\kigl\GLBlendMode.h">
      <Filter>Header Files</Filter>
    </ClInclude>
    <ClInclude Include="src\render\WindowBuffer.h">
      <Filter>Header Files</Filter>
    </ClInclude>
    <ClInclude Include="src\material\MaterialSSBO.h">
      <Filter>Header Files</Filter>
    </ClInclude>
    <ClInclude Include="src\kigl\GLSyncQueue.h">
      <Filter>Header Files</Filter>
    </ClInclude>
    <ClInclude Include="src\registry\EntitySSBO.h">
      <Filter>Header Files</Filter>
    </ClInclude>
    <ClInclude Include="src\registry\EntityRegistry.h">
      <Filter>Header Files</Filter>
    </ClInclude>
    <ClInclude Include="src\render\RenderData.h">
      <Filter>Header Files</Filter>
    </ClInclude>
    <ClInclude Include="src\shader\LightUBO.h">
      <Filter>Header Files</Filter>
    </ClInclude>
    <ClInclude Include="src\shader\DataUBO.h">
      <Filter>Header Files</Filter>
    </ClInclude>
    <ClInclude Include="src\shader\MatricesUBO.h">
      <Filter>Header Files</Filter>
    </ClInclude>
    <ClInclude Include="src\shader\ClipPlaneUBO.h">
      <Filter>Header Files</Filter>
    </ClInclude>
    <ClInclude Include="src\util\util.h">
      <Filter>Header Files</Filter>
    </ClInclude>
    <ClInclude Include="src\ki\RenderClock.h">
      <Filter>Header Files</Filter>
    </ClInclude>
    <ClInclude Include="src\backend\gl\DrawElementsIndirectCommand.h">
      <Filter>Header Files</Filter>
    </ClInclude>
    <ClInclude Include="src\backend\gl\DrawArraysIndirectCommand.h">
      <Filter>Header Files</Filter>
    </ClInclude>
    <ClInclude Include="src\backend\gl\DrawIndirectCommand.h">
      <Filter>Header Files</Filter>
    </ClInclude>
    <ClInclude Include="src\backend\gl\DrawIndirectParameters.h">
      <Filter>Header Files</Filter>
    </ClInclude>
    <ClInclude Include="src\backend\MultiDrawRange.h">
      <Filter>Header Files</Filter>
    </ClInclude>
    <ClInclude Include="src\backend\gl\PerformanceCounters.h">
      <Filter>Header Files</Filter>
    </ClInclude>
    <ClInclude Include="src\registry\Registry.h">
      <Filter>Header Files</Filter>
    </ClInclude>
    <ClInclude Include="src\generator\GridGenerator.h">
      <Filter>Header Files</Filter>
    </ClInclude>
    <ClInclude Include="src\script\api\ResumeNode.h">
      <Filter>Header Files</Filter>
    </ClInclude>
    <ClInclude Include="src\generator\NodeGenerator.h">
      <Filter>Header Files</Filter>
    </ClInclude>
    <ClInclude Include="src\terrain\TerrainGenerator.h">
      <Filter>Header Files</Filter>
    </ClInclude>
    <ClInclude Include="src\material\TextureSpec.h">
      <Filter>Header Files</Filter>
    </ClInclude>
    <ClInclude Include="src\physics\PhysicsEngine.h">
      <Filter>Header Files</Filter>
    </ClInclude>
    <ClInclude Include="src\physics\Surface.h">
      <Filter>Header Files</Filter>
    </ClInclude>
    <ClInclude Include="src\physics\Plane.h">
      <Filter>Header Files</Filter>
    </ClInclude>
    <ClInclude Include="src\physics\HeightMap.h">
      <Filter>Header Files</Filter>
    </ClInclude>
    <ClInclude Include="src\model\NodeState.h">
      <Filter>Header Files</Filter>
    </ClInclude>
    <ClInclude Include="src\model\InstancePhysics.h">
      <Filter>Header Files</Filter>
    </ClInclude>
    <ClInclude Include="src\shader\Shader.h">
      <Filter>Header Files</Filter>
    </ClInclude>
    <ClInclude Include="src\shader\Uniform.h">
      <Filter>Header Files</Filter>
    </ClInclude>
    <ClInclude Include="src\script\api\Sync.h">
      <Filter>Header Files</Filter>
    </ClInclude>
    <ClInclude Include="src\render\NodeDraw.h">
      <Filter>Header Files</Filter>
    </ClInclude>
    <ClInclude Include="src\render\GBuffer.h">
      <Filter>Header Files</Filter>
    </ClInclude>
    <ClInclude Include="src\render\FrameBufferAttachment.h">
      <Filter>Header Files</Filter>
    </ClInclude>
    <ClInclude Include="src\render\CubeMapBuffer.h">
      <Filter>Header Files</Filter>
    </ClInclude>
    <ClInclude Include="src\engine\UpdateContext.h">
      <Filter>Header Files</Filter>
    </ClInclude>
    <ClInclude Include="src\event\Event.h">
      <Filter>Header Files</Filter>
    </ClInclude>
    <ClInclude Include="src\event\Dispatcher.h">
      <Filter>Header Files</Filter>
    </ClInclude>
    <ClInclude Include="src\material\CustomMaterial.h">
      <Filter>Header Files</Filter>
    </ClInclude>
    <ClInclude Include="src\registry\ControllerRegistry.h">
      <Filter>Header Files</Filter>
    </ClInclude>
    <ClInclude Include="src\util\glm_format.h">
      <Filter>Header Files</Filter>
    </ClInclude>
    <ClInclude Include="src\render\OITBuffer.h">
      <Filter>Header Files</Filter>
    </ClInclude>
    <ClInclude Include="src\shader\BufferInfoUBO.h">
      <Filter>Header Files</Filter>
    </ClInclude>
    <ClInclude Include="src\render\TextureQuad.h">
      <Filter>Header Files</Filter>
    </ClInclude>
    <ClInclude Include="src\render\EffectBuffer.h">
      <Filter>Header Files</Filter>
    </ClInclude>
    <ClInclude Include="src\kigl\GLFrameBufferHandle.h">
      <Filter>Header Files</Filter>
    </ClInclude>
    <ClInclude Include="src\kigl\GLTextureHandle.h">
      <Filter>Header Files</Filter>
    </ClInclude>
    <ClInclude Include="src\render\TextureCube.h">
      <Filter>Header Files</Filter>
    </ClInclude>
    <ClInclude Include="src\render\IrradianceMap.h">
      <Filter>Header Files</Filter>
    </ClInclude>
    <ClInclude Include="src\render\EnvironmentMap.h">
      <Filter>Header Files</Filter>
    </ClInclude>
    <ClInclude Include="src\material\HdriTexture.h">
      <Filter>Header Files</Filter>
    </ClInclude>
    <ClInclude Include="src\kigl\GLRenderBufferHandle.h">
      <Filter>Header Files</Filter>
    </ClInclude>
    <ClInclude Include="src\render\BrdfLutTexture.h">
      <Filter>Header Files</Filter>
    </ClInclude>
    <ClInclude Include="src\loader\MaterialField.h">
      <Filter>Header Files</Filter>
    </ClInclude>
    <ClInclude Include="src\query\Query.h">
      <Filter>Header Files</Filter>
    </ClInclude>
    <ClInclude Include="src\query\TimeElapsedQuery.h">
      <Filter>Header Files</Filter>
    </ClInclude>
    <ClInclude Include="src\kigl\GLStencilMode.h">
      <Filter>Header Files</Filter>
    </ClInclude>
    <ClInclude Include="src\kigl\GLFence.h">
      <Filter>Header Files</Filter>
    </ClInclude>
    <ClInclude Include="src\kigl\kigl.h">
      <Filter>Header Files</Filter>
    </ClInclude>
    <ClInclude Include="src\kigl\OpenGLInfo.h">
      <Filter>Header Files</Filter>
    </ClInclude>
    <ClInclude Include="src\ki\ki.h">
      <Filter>Header Files</Filter>
    </ClInclude>
    <ClInclude Include="src\script\api\InvokeFunction.h">
      <Filter>Header Files</Filter>
    </ClInclude>
    <ClInclude Include="src\script\Coroutine.h">
      <Filter>Header Files</Filter>
    </ClInclude>
    <ClInclude Include="src\physics\Object.h">
      <Filter>Header Files</Filter>
    </ClInclude>
    <ClInclude Include="src\physics\Geom.h">
      <Filter>Header Files</Filter>
    </ClInclude>
    <ClInclude Include="src\loader\MaterialLoader.h">
      <Filter>Header Files</Filter>
    </ClInclude>
    <ClInclude Include="src\ki\yaml.h">
      <Filter>Header Files</Filter>
    </ClInclude>
    <ClInclude Include="src\loader\BaseLoader.h">
      <Filter>Header Files</Filter>
    </ClInclude>
    <ClInclude Include="src\loader\Context.h">
      <Filter>Header Files</Filter>
    </ClInclude>
    <ClInclude Include="src\loader\CameraLoader.h">
      <Filter>Header Files</Filter>
    </ClInclude>
    <ClInclude Include="src\loader\LightLoader.h">
      <Filter>Header Files</Filter>
    </ClInclude>
    <ClInclude Include="src\loader\ControllerLoader.h">
      <Filter>Header Files</Filter>
    </ClInclude>
    <ClInclude Include="src\loader\GeneratorLoader.h">
      <Filter>Header Files</Filter>
    </ClInclude>
    <ClInclude Include="src\loader\CustomMaterialLoader.h">
      <Filter>Header Files</Filter>
    </ClInclude>
    <ClInclude Include="src\loader\PhysicsLoader.h">
      <Filter>Header Files</Filter>
    </ClInclude>
    <ClInclude Include="src\loader\SkyboxLoader.h">
      <Filter>Header Files</Filter>
    </ClInclude>
    <ClInclude Include="src\loader\NodeLoader.h">
      <Filter>Header Files</Filter>
    </ClInclude>
    <ClInclude Include="src\loader\SkyboxData.h">
      <Filter>Header Files</Filter>
    </ClInclude>
    <ClInclude Include="src\loader\PhysicsData.h">
      <Filter>Header Files</Filter>
    </ClInclude>
    <ClInclude Include="src\loader\MaterialData.h">
      <Filter>Header Files</Filter>
    </ClInclude>
    <ClInclude Include="src\loader\LightData.h">
      <Filter>Header Files</Filter>
    </ClInclude>
    <ClInclude Include="src\loader\GeneratorData.h">
      <Filter>Header Files</Filter>
    </ClInclude>
    <ClInclude Include="src\loader\BaseData.h">
      <Filter>Header Files</Filter>
    </ClInclude>
    <ClInclude Include="src\loader\NodeRoot.h">
      <Filter>Header Files</Filter>
    </ClInclude>
    <ClInclude Include="src\loader\ControllerData.h">
      <Filter>Header Files</Filter>
    </ClInclude>
    <ClInclude Include="src\loader\CameraData.h">
      <Filter>Header Files</Filter>
    </ClInclude>
    <ClInclude Include="src\loader\CustomMaterialData.h">
      <Filter>Header Files</Filter>
    </ClInclude>
    <ClInclude Include="src\loader\RootLoader.h">
      <Filter>Header Files</Filter>
    </ClInclude>
    <ClInclude Include="src\loader\RootData.h">
      <Filter>Header Files</Filter>
    </ClInclude>
    <ClInclude Include="src\ki\size.h">
      <Filter>Header Files</Filter>
    </ClInclude>
    <ClInclude Include="src\controller\PawnController.h">
      <Filter>Header Files</Filter>
    </ClInclude>
    <ClInclude Include="src\util\glm_util.h">
      <Filter>Header Files</Filter>
    </ClInclude>
    <ClInclude Include="src\audio\AudioEngine.h">
      <Filter>Header Files</Filter>
    </ClInclude>
    <ClInclude Include="src\audio\Source.h">
      <Filter>Header Files</Filter>
    </ClInclude>
    <ClInclude Include="src\audio\Sound.h">
      <Filter>Header Files</Filter>
    </ClInclude>
    <ClInclude Include="src\audio\size.h">
      <Filter>Header Files</Filter>
    </ClInclude>
    <ClInclude Include="src\audio\Listener.h">
      <Filter>Header Files</Filter>
    </ClInclude>
    <ClInclude Include="src\audio\al_call.h">
      <Filter>Header Files</Filter>
    </ClInclude>
    <ClInclude Include="src\loader\AudioLoader.h">
      <Filter>Header Files</Filter>
    </ClInclude>
    <ClInclude Include="src\loader\AudioData.h">
      <Filter>Header Files</Filter>
    </ClInclude>
    <ClInclude Include="src\audio\SoundRegistry.h">
      <Filter>Header Files</Filter>
    </ClInclude>
    <ClInclude Include="src\script\api\AudioPlay.h">
      <Filter>Header Files</Filter>
    </ClInclude>
    <ClInclude Include="src\ki\limits.h">
      <Filter>Header Files</Filter>
    </ClInclude>
    <ClInclude Include="src\script\api\AudioPause.h">
      <Filter>Header Files</Filter>
    </ClInclude>
    <ClInclude Include="src\script\api\AudioStop.h">
      <Filter>Header Files</Filter>
    </ClInclude>
    <ClInclude Include="src\loader\ScriptLoader.h">
      <Filter>Header Files</Filter>
    </ClInclude>
    <ClInclude Include="src\loader\ScriptData.h">
      <Filter>Header Files</Filter>
    </ClInclude>
    <ClInclude Include="src\script\size.h">
      <Filter>Header Files</Filter>
    </ClInclude>
    <ClInclude Include="src\script\Script.h">
      <Filter>Header Files</Filter>
    </ClInclude>
    <ClInclude Include="src\audio\limits.h">
      <Filter>Header Files</Filter>
    </ClInclude>
    <ClInclude Include="src\event\size.h">
      <Filter>Header Files</Filter>
    </ClInclude>
    <ClInclude Include="src\physics\size.h">
      <Filter>Header Files</Filter>
    </ClInclude>
    <ClInclude Include="src\physics\Body.h">
      <Filter>Header Files</Filter>
    </ClInclude>
    <ClInclude Include="src\shader\ProgramUniforms.h">
      <Filter>Header Files</Filter>
    </ClInclude>
    <ClInclude Include="src\engine\UpdateViewContext.h">
      <Filter>Header Files</Filter>
    </ClInclude>
    <ClInclude Include="src\scene\SceneUpdater.h">
      <Filter>Header Files</Filter>
    </ClInclude>
    <ClInclude Include="src\component\NodeComponent.h">
      <Filter>Header Files</Filter>
    </ClInclude>
    <ClInclude Include="src\util\thread.h">
      <Filter>Header Files</Filter>
    </ClInclude>
    <ClInclude Include="src\model\Snapshot.h">
      <Filter>Header Files</Filter>
    </ClInclude>
    <ClInclude Include="src\loader\FontData.h">
      <Filter>Header Files</Filter>
    </ClInclude>
    <ClInclude Include="src\loader\FontLoader.h">
      <Filter>Header Files</Filter>
    </ClInclude>
    <ClInclude Include="src\mesh\Index.h">
      <Filter>Header Files</Filter>
    </ClInclude>
    <ClInclude Include="src\mesh\TypeFlags.h">
      <Filter>Header Files</Filter>
    </ClInclude>
    <ClInclude Include="src\mesh\vao\PositionEntry.h">
      <Filter>Header Files</Filter>
    </ClInclude>
    <ClInclude Include="src\text\AtlasHandle.h">
      <Filter>Header Files</Filter>
    </ClInclude>
    <ClInclude Include="src\text\FontAtlas.h">
      <Filter>Header Files</Filter>
    </ClInclude>
    <ClInclude Include="src\text\size.h">
      <Filter>Header Files</Filter>
    </ClInclude>
    <ClInclude Include="src\mesh\vao\IndexEntry.h">
      <Filter>Header Files</Filter>
    </ClInclude>
    <ClInclude Include="src\mesh\vao\TexturedVAO.h">
      <Filter>Header Files</Filter>
    </ClInclude>
    <ClInclude Include="src\mesh\vao\TerrainVAO.h">
      <Filter>Header Files</Filter>
    </ClInclude>
    <ClInclude Include="src\mesh\vao\NormalEntry.h">
      <Filter>Header Files</Filter>
    </ClInclude>
    <ClInclude Include="src\model\NodeType.h">
      <Filter>Header Files</Filter>
    </ClInclude>
    <ClInclude Include="src\text\FontHandle.h">
      <Filter>Header Files</Filter>
    </ClInclude>
    <ClInclude Include="src\text\TextDraw.h">
      <Filter>Header Files</Filter>
    </ClInclude>
    <ClInclude Include="src\mesh\Mesh.h">
      <Filter>Header Files</Filter>
    </ClInclude>
    <ClInclude Include="src\mesh\MeshType.h">
      <Filter>Header Files</Filter>
    </ClInclude>
    <ClInclude Include="src\mesh\ModelLoader.h">
      <Filter>Header Files</Filter>
    </ClInclude>
    <ClInclude Include="src\mesh\ModelMesh.h">
      <Filter>Header Files</Filter>
    </ClInclude>
    <ClInclude Include="src\mesh\Vertex.h">
      <Filter>Header Files</Filter>
    </ClInclude>
    <ClInclude Include="src\mesh\TextMesh.h">
      <Filter>Header Files</Filter>
    </ClInclude>
    <ClInclude Include="src\generator\TextGenerator.h">
      <Filter>Header Files</Filter>
    </ClInclude>
    <ClInclude Include="src\loader\TextData.h">
      <Filter>Header Files</Filter>
    </ClInclude>
    <ClInclude Include="src\engine\PrepareContext.h">
      <Filter>Header Files</Filter>
    </ClInclude>
    <ClInclude Include="src\asset\ViewportEffect.h">
      <Filter>Header Files</Filter>
    </ClInclude>
    <ClInclude Include="src\mesh\vao\VertexPositionVBO.h">
      <Filter>Header Files</Filter>
    </ClInclude>
    <ClInclude Include="src\mesh\vao\TextureEntry.h">
      <Filter>Header Files</Filter>
    </ClInclude>
    <ClInclude Include="src\kigl\GLSyncQueue_impl.h">
      <Filter>Header Files</Filter>
    </ClInclude>
    <ClInclude Include="src\registry\TerrainTileSSBO.h">
      <Filter>Header Files</Filter>
    </ClInclude>
    <ClInclude Include="src\model\EntityFlags.h">
      <Filter>Header Files</Filter>
    </ClInclude>
    <ClInclude Include="src\registry\NodeSnapshotRegistry.h">
      <Filter>Header Files</Filter>
    </ClInclude>
    <ClInclude Include="src\engine\InputContext.h">
      <Filter>Header Files</Filter>
    </ClInclude>
    <ClInclude Include="src\util\DirtyVector.h">
      <Filter>Header Files</Filter>
    </ClInclude>
    <ClInclude Include="src\util\DirtyVector_impl.h">
      <Filter>Header Files</Filter>
    </ClInclude>
    <ClInclude Include="src\pool\Entry.h">
      <Filter>Header Files</Filter>
    </ClInclude>
    <ClInclude Include="src\pool\NodeHandle.h">
      <Filter>Header Files</Filter>
    </ClInclude>
    <ClInclude Include="src\pool\Pool.h">
      <Filter>Header Files</Filter>
    </ClInclude>
    <ClInclude Include="src\pool\IdGenerator.h">
      <Filter>Header Files</Filter>
    </ClInclude>
    <ClInclude Include="src\pool\TypeHandle.h">
      <Filter>Header Files</Filter>
    </ClInclude>
    <ClInclude Include="src\pool\IdHash.h">
      <Filter>Header Files</Filter>
    </ClInclude>
    <ClInclude Include="src\ki\sid.h">
      <Filter>Header Files</Filter>
    </ClInclude>
    <ClInclude Include="src\loader\ResolvedNode.h">
      <Filter>Header Files</Filter>
    </ClInclude>
    <ClInclude Include="src\loader\DagSort.h">
      <Filter>Header Files</Filter>
    </ClInclude>
    <ClInclude Include="src\ki\FpsCounter.h">
      <Filter>Header Files</Filter>
    </ClInclude>
    <ClInclude Include="src\script\CommandEntry.h">
      <Filter>Header Files</Filter>
    </ClInclude>
    <ClInclude Include="src\script\CommandHandle.h">
      <Filter>Header Files</Filter>
    </ClInclude>
    <ClInclude Include="src\script\CommandEngine_impl.h">
      <Filter>Header Files</Filter>
    </ClInclude>
    <ClInclude Include="src\backend\Lod.h">
      <Filter>Header Files</Filter>
    </ClInclude>
    <ClInclude Include="src\mesh\LodMesh.h">
      <Filter>Header Files</Filter>
    </ClInclude>
    <ClInclude Include="src\mesh\InstanceSSBO.h">
      <Filter>Header Files</Filter>
    </ClInclude>
    <ClInclude Include="src\loader\LodData.h">
      <Filter>Header Files</Filter>
    </ClInclude>
    <ClInclude Include="src\text\vao\AtlasTextureVBO.h">
      <Filter>Header Files</Filter>
    </ClInclude>
    <ClInclude Include="src\mesh\vao\VBO.h">
      <Filter>Header Files</Filter>
    </ClInclude>
    <ClInclude Include="src\mesh\vao\VBO_impl.h">
      <Filter>Header Files</Filter>
    </ClInclude>
    <ClInclude Include="src\script\api\SetTextNode.h">
      <Filter>Header Files</Filter>
    </ClInclude>
    <ClInclude Include="src\particle\ParticleDefinition.h">
      <Filter>Header Files</Filter>
    </ClInclude>
    <ClInclude Include="src\particle\ParticleSystem.h">
      <Filter>Header Files</Filter>
    </ClInclude>
    <ClInclude Include="src\loader\ParticleLoader.h">
      <Filter>Header Files</Filter>
    </ClInclude>
    <ClInclude Include="src\loader\ParticleData.h">
      <Filter>Header Files</Filter>
    </ClInclude>
    <ClInclude Include="src\particle\ParticleSSBO.h">
      <Filter>Header Files</Filter>
    </ClInclude>
    <ClInclude Include="src\scene\ParticleUpdater.h">
      <Filter>Header Files</Filter>
    </ClInclude>
    <ClInclude Include="src\registry\SnapshotRegistry.h">
      <Filter>Header Files</Filter>
    </ClInclude>
    <ClInclude Include="src\registry\SnapshotRegistry_impl.h">
      <Filter>Header Files</Filter>
    </ClInclude>
    <ClInclude Include="src\terrain\TerrainTileInfo.h">
      <Filter>Header Files</Filter>
    </ClInclude>
    <ClInclude Include="src\terrain\TerrainTileSSBO.h">
      <Filter>Header Files</Filter>
    </ClInclude>
    <ClInclude Include="src\terrain\TerrainTileRegistry.h">
      <Filter>Header Files</Filter>
    </ClInclude>
    <ClInclude Include="src\loader\TerrainData.h">
      <Filter>Header Files</Filter>
    </ClInclude>
    <ClInclude Include="src\material\ColorTexture.h">
      <Filter>Header Files</Filter>
    </ClInclude>
    <ClInclude Include="src\mesh\AssimpLoader.h">
      <Filter>Header Files</Filter>
    </ClInclude>
    <ClInclude Include="src\animation\BoneTransform.h">
      <Filter>Header Files</Filter>
    </ClInclude>
    <ClInclude Include="src\mesh\vao\BoneEntry.h">
      <Filter>Header Files</Filter>
    </ClInclude>
    <ClInclude Include="src\mesh\vao\VertexNormalVBO.h">
      <Filter>Header Files</Filter>
    </ClInclude>
    <ClInclude Include="src\mesh\vao\VertexTextureVBO.h">
      <Filter>Header Files</Filter>
    </ClInclude>
    <ClInclude Include="src\mesh\vao\VertexIndexEBO.h">
      <Filter>Header Files</Filter>
    </ClInclude>
    <ClInclude Include="src\animation\RigJoint.h">
      <Filter>Header Files</Filter>
    </ClInclude>
    <ClInclude Include="src\animation\Animation.h">
      <Filter>Header Files</Filter>
    </ClInclude>
    <ClInclude Include="src\mesh\vao\VertexBoneVBO.h">
      <Filter>Header Files</Filter>
    </ClInclude>
    <ClInclude Include="src\animation\BoneContainer.h">
      <Filter>Header Files</Filter>
    </ClInclude>
    <ClInclude Include="src\util\assimp_util.h">
      <Filter>Header Files</Filter>
    </ClInclude>
    <ClInclude Include="src\animation\VertexBone.h">
      <Filter>Header Files</Filter>
    </ClInclude>
    <ClInclude Include="src\animation\RigContainer.h">
      <Filter>Header Files</Filter>
    </ClInclude>
    <ClInclude Include="src\mesh\vao\SkinnedVAO.h">
      <Filter>Header Files</Filter>
    </ClInclude>
    <ClInclude Include="src\animation\NodeAnimation.h">
      <Filter>Header Files</Filter>
    </ClInclude>
    <ClInclude Include="src\animation\BoneChannel.h">
      <Filter>Header Files</Filter>
    </ClInclude>
    <ClInclude Include="src\animation\AnimationLoader.h">
      <Filter>Header Files</Filter>
    </ClInclude>
    <ClInclude Include="src\animation\Animator.h">
      <Filter>Header Files</Filter>
    </ClInclude>
    <ClInclude Include="src\loader\AnimationData.h">
      <Filter>Header Files</Filter>
    </ClInclude>
    <ClInclude Include="src\animation\AnimationSystem.h">
      <Filter>Header Files</Filter>
    </ClInclude>
    <ClInclude Include="src\animation\BoneTransformSSBO.h">
      <Filter>Header Files</Filter>
    </ClInclude>
    <ClInclude Include="src\scene\AnimationUpdater.h">
      <Filter>Header Files</Filter>
    </ClInclude>
    <ClInclude Include="src\scene\Updater.h">
      <Filter>Header Files</Filter>
    </ClInclude>
    <ClInclude Include="src\animation\BoneInfo.h">
      <Filter>Header Files</Filter>
    </ClInclude>
    <ClInclude Include="src\loader\MaterialReference.h">
      <Filter>Header Files</Filter>
    </ClInclude>
    <ClInclude Include="src\loader\PrefabData.h">
      <Filter>Header Files</Filter>
    </ClInclude>
    <ClInclude Include="src\loader\PrefabLoader.h">
      <Filter>Header Files</Filter>
    </ClInclude>
    <ClInclude Include="src\loader\Loaders.h">
      <Filter>Header Files</Filter>
    </ClInclude>
    <ClInclude Include="src\loader\Flags.h">
      <Filter>Header Files</Filter>
    </ClInclude>
    <ClInclude Include="src\loader\NodeData.h">
      <Filter>Header Files</Filter>
    </ClInclude>
    <ClInclude Include="src\loader\NodeField.h">
      <Filter>Header Files</Filter>
    </ClInclude>
    <ClInclude Include="src\loader\converter\DocNode.h">
      <Filter>Header Files</Filter>
    </ClInclude>
    <ClInclude Include="src\loader\converter\YamlConverter.h">
      <Filter>Header Files</Filter>
    </ClInclude>
    <ClInclude Include="src\loader\converter\Document.h">
      <Filter>Header Files</Filter>
    </ClInclude>
    <ClInclude Include="src\loader\converter\Value.h">
      <Filter>Header Files</Filter>
    </ClInclude>
    <ClInclude Include="src\loader\converter\base.h">
      <Filter>Header Files</Filter>
    </ClInclude>
    <ClInclude Include="src\loader\converter\DocNodeData.h">
      <Filter>Header Files</Filter>
    </ClInclude>
    <ClInclude Include="src\loader\document.h">
      <Filter>Header Files</Filter>
    </ClInclude>
    <ClInclude Include="src\mesh\MeshSet.h">
      <Filter>Header Files</Filter>
    </ClInclude>
    <ClInclude Include="src\mesh\LoadContext.h">
      <Filter>Header Files</Filter>
    </ClInclude>
    <ClInclude Include="src\loader\MeshData.h">
      <Filter>Header Files</Filter>
    </ClInclude>
    <ClInclude Include="src\mesh\TransformSSBO.h">
      <Filter>Header Files</Filter>
    </ClInclude>
    <ClInclude Include="src\mesh\MeshFlags.h">
      <Filter>Header Files</Filter>
    </ClInclude>
    <ClInclude Include="src\model\NodeFlags.h">
      <Filter>Header Files</Filter>
    </ClInclude>
    <ClInclude Include="src\loader\FlagContainer.h">
      <Filter>Header Files</Filter>
    </ClInclude>
    <ClInclude Include="src\material\MaterialFlags.h">
      <Filter>Header Files</Filter>
    </ClInclude>
    <ClInclude Include="src\render\size.h">
      <Filter>Header Files</Filter>
    </ClInclude>
    <ClInclude Include="src\loader\MeshLoader.h">
      <Filter>Header Files</Filter>
    </ClInclude>
    <ClInclude Include="src\mesh\InstanceFlags.h">
      <Filter>Header Files</Filter>
    </ClInclude>
    <ClInclude Include="src\loader\TextLoader.h">
      <Filter>Header Files</Filter>
    </ClInclude>
    <ClInclude Include="src\text\FontRegistry.h">
      <Filter>Header Files</Filter>
    </ClInclude>
    <ClInclude Include="src\text\TextSystem.h">
      <Filter>Header Files</Filter>
    </ClInclude>
    <ClInclude Include="src\mesh\vao\VertexVBO.h">
      <Filter>Header Files</Filter>
    </ClInclude>
    <ClInclude Include="src\mesh\vao\VertexEntry.h">
      <Filter>Header Files</Filter>
    </ClInclude>
    <ClInclude Include="src\animation\SocketRegistry.h">
      <Filter>Header Files</Filter>
    </ClInclude>
    <ClInclude Include="src\animation\BoneRegistry.h">
      <Filter>Header Files</Filter>
    </ClInclude>
    <ClInclude Include="src\shader\DebugUBO.h">
      <Filter>Header Files</Filter>
    </ClInclude>
    <ClInclude Include="src\render\DebugContext.h">
      <Filter>Header Files</Filter>
    </ClInclude>
    <ClInclude Include="src\loader\SocketData.h">
      <Filter>Header Files</Filter>
    </ClInclude>
    <ClInclude Include="src\animation\RigSocket.h">
      <Filter>Header Files</Filter>
    </ClInclude>
    <ClInclude Include="src\loader\AttachmentData.h">
      <Filter>Header Files</Filter>
    </ClInclude>
    <ClInclude Include="src\mesh\mesh_util.h">
      <Filter>Header Files</Filter>
    </ClInclude>
    <ClInclude Include="src\animation\MeshInfo.h">
      <Filter>Header Files</Filter>
    </ClInclude>
    <ClInclude Include="src\model\PivotPoint.h">
      <Filter>Header Files</Filter>
    </ClInclude>
    <ClInclude Include="src\loader\PivotLoader.h">
      <Filter>Header Files</Filter>
    </ClInclude>
    <ClInclude Include="src\loader\loader_util.h">
      <Filter>Header Files</Filter>
    </ClInclude>
    <ClInclude Include="src\animation\Clip.h">
      <Filter>Header Files</Filter>
    </ClInclude>
    <ClInclude Include="src\animation\ClipContainer.h">
      <Filter>Header Files</Filter>
    </ClInclude>
    <ClInclude Include="src\animation\animation_util.h">
      <Filter>Header Files</Filter>
    </ClInclude>
    <ClInclude Include="src\animation\MetaData.h">
      <Filter>Header Files</Filter>
    </ClInclude>
    <ClInclude Include="src\animation\MetadataLoader.h">
      <Filter>Header Files</Filter>
    </ClInclude>
    <ClInclude Include="src\mesh\PrimitiveMesh.h">
      <Filter>Header Files</Filter>
    </ClInclude>
    <ClInclude Include="src\loader\VertexData.h">
      <Filter>Header Files</Filter>
    </ClInclude>
    <ClInclude Include="src\loader\VertexLoader.h">
      <Filter>Header Files</Filter>
    </ClInclude>
    <ClInclude Include="src\mesh\PrimitiveType.h">
      <Filter>Header Files</Filter>
    </ClInclude>
    <ClInclude Include="src\mesh\RigJointTreeGenerator.h">
      <Filter>Header Files</Filter>
    </ClInclude>
    <ClInclude Include="src\material\TextureType.h">
      <Filter>Header Files</Filter>
    </ClInclude>
    <ClInclude Include="src\editor\EditorState.h">
      <Filter>Header Files</Filter>
    </ClInclude>
    <ClInclude Include="src\event\Type.h">
      <Filter>Header Files</Filter>
    </ClInclude>
    <ClInclude Include="src\script\api\AnimationPlay.h">
      <Filter>Header Files</Filter>
    </ClInclude>
    <ClInclude Include="src\animation\AnimationState.h">
      <Filter>Header Files</Filter>
    </ClInclude>
    <ClInclude Include="src\animation\LocalTransform.h">
      <Filter>Header Files</Filter>
    </ClInclude>
    <ClInclude Include="src\physics\MeshGenerator.h">
      <Filter>Header Files</Filter>
    </ClInclude>
    <ClInclude Include="src\registry\VaoRegistry.h">
      <Filter>Header Files</Filter>
    </ClInclude>
    <ClInclude Include="src\model\PrimitiveNode.h">
      <Filter>Header Files</Filter>
    </ClInclude>
    <ClInclude Include="src\renderer\PhysicsRenderer.h">
      <Filter>Header Files</Filter>
    </ClInclude>
    <ClInclude Include="src\loader\MeshDataType.h">
      <Filter>Header Files</Filter>
    </ClInclude>
    <ClInclude Include="src\component\CameraComponent.h">
      <Filter>Header Files</Filter>
    </ClInclude>
    <ClInclude Include="src\component\FollowCamera.h">
      <Filter>Header Files</Filter>
    </ClInclude>
    <ClInclude Include="src\loader\CameraType.h">
      <Filter>Header Files</Filter>
    </ClInclude>
    <ClInclude Include="src\util\debug.h">
      <Filter>Header Files</Filter>
    </ClInclude>
    <ClInclude Include="src\component\OrbitCamera.h">
      <Filter>Header Files</Filter>
    </ClInclude>
    <ClInclude Include="src\component\SplineCamera.h">
      <Filter>Header Files</Filter>
    </ClInclude>
    <ClInclude Include="src\component\Spline.h">
      <Filter>Header Files</Filter>
    </ClInclude>
    <ClInclude Include="src\physics\Category.h">
      <Filter>Header Files</Filter>
    </ClInclude>
    <ClInclude Include="src\physics\RayHit.h">
      <Filter>Header Files</Filter>
    </ClInclude>
    <ClInclude Include="src\script\UtilAPI.h">
      <Filter>Header Files</Filter>
    </ClInclude>
    <ClInclude Include="src\ki\sid_format.h">
      <Filter>Header Files</Filter>
    </ClInclude>
    <ClInclude Include="src\mesh\MeshInstance.h">
      <Filter>Header Files</Filter>
    </ClInclude>
    <ClInclude Include="src\decal\Decal.h">
      <Filter>Header Files</Filter>
    </ClInclude>
    <ClInclude Include="src\decal\DecalSSBO.h">
      <Filter>Header Files</Filter>
    </ClInclude>
    <ClInclude Include="src\decal\DecalSystem.h">
      <Filter>Header Files</Filter>
    </ClInclude>
    <ClInclude Include="src\physics\physics_util.h">
      <Filter>Header Files</Filter>
    </ClInclude>
    <ClInclude Include="src\renderer\DecalRenderer.h">
      <Filter>Header Files</Filter>
    </ClInclude>
    <ClInclude Include="src\mesh\generator\TangentCalculator.h">
      <Filter>Header Files</Filter>
    </ClInclude>
    <ClInclude Include="src\generator\GeneratorMode.h">
      <Filter>Header Files</Filter>
    </ClInclude>
    <ClInclude Include="src\physics\PhysicsMaterial.h">
      <Filter>Header Files</Filter>
    </ClInclude>
    <ClInclude Include="src\mesh\MeshTransform.h">
      <Filter>Header Files</Filter>
    </ClInclude>
    <ClInclude Include="src\loader\value\PhysicsCategoryValue.h">
      <Filter>Header Files</Filter>
    </ClInclude>
    <ClInclude Include="src\loader\value\PhysicsGeomValue.h">
      <Filter>Header Files</Filter>
    </ClInclude>
    <ClInclude Include="src\event\actions.h">
      <Filter>Header Files</Filter>
    </ClInclude>
    <ClInclude Include="src\physics\ode_util.h">
      <Filter>Header Files</Filter>
    </ClInclude>
    <ClInclude Include="src\renderer\MeshRenderer.h">
      <Filter>Header Files</Filter>
    </ClInclude>
    <ClInclude Include="src\renderer\EnvironmentProbeRenderer.h">
      <Filter>Header Files</Filter>
    </ClInclude>
    <ClInclude Include="src\shader\ShaderSource.h">
      <Filter>Header Files</Filter>
    </ClInclude>
    <ClInclude Include="src\shader\FileEntry.h">
      <Filter>Header Files</Filter>
    </ClInclude>
    <ClInclude Include="src\material\ShaderMaterialUpdater.h">
      <Filter>Header Files</Filter>
    </ClInclude>
    <ClInclude Include="src\material\MaterialUpdater.h">
      <Filter>Header Files</Filter>
    </ClInclude>
    <ClInclude Include="src\loader\MaterialUpdaterLoader.h">
      <Filter>Header Files</Filter>
    </ClInclude>
    <ClInclude Include="src\loader\MaterialUpdaterData.h">
      <Filter>Header Files</Filter>
    </ClInclude>
    <ClInclude Include="src\shader\FileEntryCache.h">
      <Filter>Header Files</Filter>
    </ClInclude>
    <ClInclude Include="src\mesh\VaoMesh.h">
      <Filter>Header Files</Filter>
    </ClInclude>
    <ClInclude Include="src\mesh\NonVaoMesh.h">
      <Filter>Header Files</Filter>
    </ClInclude>
    <ClInclude Include="src\loader\DecalData.h">
      <Filter>Header Files</Filter>
    </ClInclude>
    <ClInclude Include="src\loader\DecalLoader.h">
      <Filter>Header Files</Filter>
    </ClInclude>
    <ClInclude Include="src\decal\DecalType.h">
      <Filter>Header Files</Filter>
    </ClInclude>
    <ClInclude Include="src\decal\DecalRegistry.h">
      <Filter>Header Files</Filter>
    </ClInclude>
    <ClInclude Include="src\decal\DecalDefinition.h">
      <Filter>Header Files</Filter>
    </ClInclude>
    <ClInclude Include="src\util\file.h">
      <Filter>Header Files</Filter>
    </ClInclude>
    <ClInclude Include="src\render\ScreenTri.h">
      <Filter>Header Files</Filter>
    </ClInclude>
    <ClInclude Include="src\render\NodeCollection.h">
      <Filter>Header Files</Filter>
    </ClInclude>
    <ClInclude Include="src\particle\AreaType.h">
      <Filter>Header Files</Filter>
    </ClInclude>
    <ClInclude Include="src\util\Random.h">
      <Filter>Header Files</Filter>
    </ClInclude>
    <ClInclude Include="src\text\Align.h">
      <Filter>Header Files</Filter>
    </ClInclude>
    <ClInclude Include="src\script\api\ParticleEmit.h">
      <Filter>Header Files</Filter>
    </ClInclude>
    <ClInclude Include="src\script\api\ParticleStop.h">
      <Filter>Header Files</Filter>
    </ClInclude>
    <ClInclude Include="src\script\api\SetVisibleNode.h">
      <Filter>Header Files</Filter>
    </ClInclude>
    <ClInclude Include="src\render\BlurBuffer.h">
      <Filter>Header Files</Filter>
    </ClInclude>
    <ClInclude Include="src\material\FontAtlasMaterialUpdater.h">
      <Filter>Header Files</Filter>
    </ClInclude>
    <ClInclude Include="src\asset\LayerInfo.h">
      <Filter>Header Files</Filter>
    </ClInclude>
    <ClInclude Include="src\util\utf8_util.h">
      <Filter>Header Files</Filter>
    </ClInclude>
    <ClInclude Include="src\render\PassFog.h">
      <Filter>Header Files</Filter>
    </ClInclude>
    <ClInclude Include="src\render\Pass.h">
      <Filter>Header Files</Filter>
    </ClInclude>
    <ClInclude Include="src\render\PassContext.h">
      <Filter>Header Files</Filter>
    </ClInclude>
    <ClInclude Include="src\render\PassDecal.h">
      <Filter>Header Files</Filter>
    </ClInclude>
    <ClInclude Include="src\render\PassParticle.h">
      <Filter>Header Files</Filter>
    </ClInclude>
    <ClInclude Include="src\render\PassForward.h">
      <Filter>Header Files</Filter>
    </ClInclude>
    <ClInclude Include="src\render\DrawContext.h">
      <Filter>Header Files</Filter>
    </ClInclude>
    <ClInclude Include="src\render\PassSkybox.h">
      <Filter>Header Files</Filter>
    </ClInclude>
    <ClInclude Include="src\render\PassEffect.h">
      <Filter>Header Files</Filter>
    </ClInclude>
    <ClInclude Include="src\render\PassBloom.h">
      <Filter>Header Files</Filter>
    </ClInclude>
    <ClInclude Include="src\render\PassOit.h">
      <Filter>Header Files</Filter>
    </ClInclude>
    <ClInclude Include="src\render\PassDebug.h">
      <Filter>Header Files</Filter>
    </ClInclude>
    <ClInclude Include="src\render\PassDeferred.h">
      <Filter>Header Files</Filter>
    </ClInclude>
    <ClInclude Include="src\render\CollectionRender.h">
      <Filter>Header Files</Filter>
    </ClInclude>
    <ClInclude Include="src\render\PassCopy.h">
      <Filter>Header Files</Filter>
    </ClInclude>
    <ClInclude Include="src\render\Pipeline.h">
      <Filter>Header Files</Filter>
    </ClInclude>
    <ClInclude Include="src\render\BatchRegistry.h">
      <Filter>Header Files</Filter>
    </ClInclude>
    <ClInclude Include="src\registry\SelectionRegistry.h">
      <Filter>Header Files</Filter>
    </ClInclude>
    <ClInclude Include="src\animation\BoneBuffer.h">
      <Filter>Header Files</Filter>
    </ClInclude>
    <ClInclude Include="src\animation\SocketBuffer.h">
      <Filter>Header Files</Filter>
    </ClInclude>
    <ClInclude Include="src\decal\DecalBuffer.h">
      <Filter>Header Files</Filter>
    </ClInclude>
    <ClInclude Include="src\script\lua_util.h">
      <Filter>Header Files</Filter>
    </ClInclude>
    <ClInclude Include="src\script\user_type\LuaNode.h">
      <Filter>Header Files</Filter>
    </ClInclude>
    <ClInclude Include="src\script\user_type\LuaCommand.h">
      <Filter>Header Files</Filter>
    </ClInclude>
    <ClInclude Include="src\script\user_type\LuaUtil.h">
      <Filter>Header Files</Filter>
    </ClInclude>
    <ClInclude Include="src\editor\console\ConsoleFrame.h">
      <Filter>Header Files</Filter>
    </ClInclude>
    <ClInclude Include="src\editor\console\ConsoleState.h">
      <Filter>Header Files</Filter>
    </ClInclude>
    <ClInclude Include="src\decal\DecalCollection.h">
      <Filter>Header Files</Filter>
    </ClInclude>
    <ClInclude Include="src\script\lua_binding.h">
      <Filter>Header Files</Filter>
    </ClInclude>
    <ClInclude Include="src\script\binding\bind_vec3.h">
      <Filter>Header Files</Filter>
    </ClInclude>
    <ClInclude Include="vendor\luajit_wrapper\include\lauxlib.h">
      <Filter>Header Files</Filter>
    </ClInclude>
    <ClInclude Include="vendor\luajit_wrapper\include\lua.h">
      <Filter>Header Files</Filter>
    </ClInclude>
    <ClInclude Include="vendor\luajit_wrapper\include\lualib.h">
      <Filter>Header Files</Filter>
    </ClInclude>
    <ClInclude Include="src\script\user_type\LuaGlm.h">
      <Filter>Header Files</Filter>
    </ClInclude>
    <ClInclude Include="src\script\api\SelectNode.h">
      <Filter>Header Files</Filter>
    </ClInclude>
    <ClInclude Include="src\engine\SystemInit.h">
      <Filter>Header Files</Filter>
    </ClInclude>
    <ClInclude Include="src\script\user_type\LuaPhysics.h">
      <Filter>Header Files</Filter>
    </ClInclude>
    <ClInclude Include="src\script\user_type\LuaRayHit.h">
      <Filter>Header Files</Filter>
    </ClInclude>
    <ClInclude Include="src\render\PassDebugPhysics.h">
      <Filter>Header Files</Filter>
    </ClInclude>
    <ClInclude Include="src\render\PassDebugEnvironmentProbe.h">
      <Filter>Header Files</Filter>
    </ClInclude>
  </ItemGroup>
  <ItemGroup>
    <ResourceCompile Include="learnopengl.rc">
      <Filter>Resource Files</Filter>
    </ResourceCompile>
  </ItemGroup>
  <ItemGroup>
    <None Include="vendor\generator\src\cmake_install.cmake" />
  </ItemGroup>
  <ItemGroup>
    <Text Include="vendor\generator\src\CMakeLists.txt" />
  </ItemGroup>
</Project>